Microsoft Visual Studio Solution File, Format Version 8.00
Project("{8BC9CEB8-8B4A-11D0-8D11-00A0C91BC942}") = "sizecbar", "sizecbar.vcproj", "{61E6EB4D-2F1A-443B-94B0-E8200B26E99F}"
	ProjectSection(ProjectDependencies) = postProject
	EndProjectSection
EndProject
Global
	GlobalSection(SolutionConfiguration) = preSolution
		Debug = Debug
		Debug Unicode = Debug Unicode
		Release = Release
		Release Unicode = Release Unicode
	EndGlobalSection
	GlobalSection(ProjectConfiguration) = postSolution
		{61E6EB4D-2F1A-443B-94B0-E8200B26E99F}.Debug.ActiveCfg = Debug|Win32
		{61E6EB4D-2F1A-443B-94B0-E8200B26E99F}.Debug.Build.0 = Debug|Win32
		{61E6EB4D-2F1A-443B-94B0-E8200B26E99F}.Debug Unicode.ActiveCfg = Debug Unicode|Win32
		{61E6EB4D-2F1A-443B-94B0-E8200B26E99F}.Debug Unicode.Build.0 = Debug Unicode|Win32
		{61E6EB4D-2F1A-443B-94B0-E8200B26E99F}.Release.ActiveCfg = Release|Win32
		{61E6EB4D-2F1A-443B-94B0-E8200B26E99F}.Release.Build.0 = Release|Win32
		{61E6EB4D-2F1A-443B-94B0-E8200B26E99F}.Release Unicode.ActiveCfg = Release Unicode|Win32
		{61E6EB4D-2F1A-443B-94B0-E8200B26E99F}.Release Unicode.Build.0 = Release Unicode|Win32
	EndGlobalSection
	GlobalSection(ExtensibilityGlobals) = postSolution
	EndGlobalSection
	GlobalSection(ExtensibilityAddIns) = postSolution
	EndGlobalSection
EndGlobal
