Microsoft Visual Studio Solution File, Format Version 8.00
Project("{8BC9CEB8-8B4A-11D0-8D11-00A0C91BC942}") = "mplayerc", "mplayerc.vcproj", "{8CE7E5D0-C821-47AC-A247-28EC95B34670}"
	ProjectSection(ProjectDependencies) = postProject
		{1A2DFD1A-3C6C-44D1-909D-294AF646B575} = {1A2DFD1A-3C6C-44D1-909D-294AF646B575}
		{03208025-D5C2-426A-B0FA-251D4338F30C} = {03208025-D5C2-426A-B0FA-251D4338F30C}
		{AB494732-EF6D-44D0-BCF8-80FF04858D10} = {AB494732-EF6D-44D0-BCF8-80FF04858D10}
		{61E6EB4D-2F1A-443B-94B0-E8200B26E99F} = {61E6EB4D-2F1A-443B-94B0-E8200B26E99F}
		{5E56335F-0FB1-4EEA-B240-D8DC5E0608E4} = {5E56335F-0FB1-4EEA-B240-D8DC5E0608E4}
		{4CC7AE86-3E0A-430A-BFF4-BF00204CAFB0} = {4CC7AE86-3E0A-430A-BFF4-BF00204CAFB0}
		{FC70988B-1AE5-4381-866D-4F405E28AC42} = {FC70988B-1AE5-4381-866D-4F405E28AC42}
	EndProjectSection
EndProject
Project("{8BC9CEB8-8B4A-11D0-8D11-00A0C91BC942}") = "subtitles", "..\..\subtitles\subtitles.vcproj", "{5E56335F-0FB1-4EEA-B240-D8DC5E0608E4}"
	ProjectSection(ProjectDependencies) = postProject
		{D514EA4D-EAFB-47A9-A437-A582CA571251} = {D514EA4D-EAFB-47A9-A437-A582CA571251}
	EndProjectSection
EndProject
Project("{8BC9CEB8-8B4A-11D0-8D11-00A0C91BC942}") = "dsutil", "..\..\dsutil\dsutil.vcproj", "{FC70988B-1AE5-4381-866D-4F405E28AC42}"
	ProjectSection(ProjectDependencies) = postProject
	EndProjectSection
EndProject
Project("{8BC9CEB8-8B4A-11D0-8D11-00A0C91BC942}") = "subpic", "..\..\subpic\subpic.vcproj", "{D514EA4D-EAFB-47A9-A437-A582CA571251}"
	ProjectSection(ProjectDependencies) = postProject
	EndProjectSection
EndProject
Project("{8BC9CEB8-8B4A-11D0-8D11-00A0C91BC942}") = "decss", "..\..\decss\decss.vcproj", "{1A2DFD1A-3C6C-44D1-909D-294AF646B575}"
	ProjectSection(ProjectDependencies) = postProject
	EndProjectSection
EndProject
Project("{8BC9CEB8-8B4A-11D0-8D11-00A0C91BC942}") = "ResizableLib", "..\..\ui\ResizableLib\ResizableLib.vcproj", "{4CC7AE86-3E0A-430A-BFF4-BF00204CAFB0}"
	ProjectSection(ProjectDependencies) = postProject
	EndProjectSection
EndProject
Project("{8BC9CEB8-8B4A-11D0-8D11-00A0C91BC942}") = "CmdUI", "..\..\ui\CmdUI\CmdUI.vcproj", "{03208025-D5C2-426A-B0FA-251D4338F30C}"
	ProjectSection(ProjectDependencies) = postProject
	EndProjectSection
EndProject
Project("{8BC9CEB8-8B4A-11D0-8D11-00A0C91BC942}") = "sizecbar", "..\..\ui\sizecbar\sizecbar.vcproj", "{61E6EB4D-2F1A-443B-94B0-E8200B26E99F}"
	ProjectSection(ProjectDependencies) = postProject
	EndProjectSection
EndProject
Project("{8BC9CEB8-8B4A-11D0-8D11-00A0C91BC942}") = "TreePropSheet", "..\..\ui\TreePropSheet\TreePropSheet.vcproj", "{AB494732-EF6D-44D0-BCF8-80FF04858D10}"
	ProjectSection(ProjectDependencies) = postProject
	EndProjectSection
EndProject
Global
	GlobalSection(SolutionConfiguration) = preSolution
		Debug = Debug
		Debug Unicode = Debug Unicode
		Release = Release
		Release Unicode = Release Unicode
		ResourceDLL = ResourceDLL
	EndGlobalSection
	GlobalSection(ProjectConfiguration) = postSolution
		{8CE7E5D0-C821-47AC-A247-28EC95B34670}.Debug.ActiveCfg = Debug|Win32
		{8CE7E5D0-C821-47AC-A247-28EC95B34670}.Debug.Build.0 = Debug|Win32
		{8CE7E5D0-C821-47AC-A247-28EC95B34670}.Debug Unicode.ActiveCfg = Debug Unicode|Win32
		{8CE7E5D0-C821-47AC-A247-28EC95B34670}.Debug Unicode.Build.0 = Debug Unicode|Win32
		{8CE7E5D0-C821-47AC-A247-28EC95B34670}.Release.ActiveCfg = Release|Win32
		{8CE7E5D0-C821-47AC-A247-28EC95B34670}.Release.Build.0 = Release|Win32
		{8CE7E5D0-C821-47AC-A247-28EC95B34670}.Release Unicode.ActiveCfg = Release Unicode|Win32
		{8CE7E5D0-C821-47AC-A247-28EC95B34670}.Release Unicode.Build.0 = Release Unicode|Win32
		{8CE7E5D0-C821-47AC-A247-28EC95B34670}.ResourceDLL.ActiveCfg = ResourceDLL|Win32
		{8CE7E5D0-C821-47AC-A247-28EC95B34670}.ResourceDLL.Build.0 = ResourceDLL|Win32
		{5E56335F-0FB1-4EEA-B240-D8DC5E0608E4}.Debug.ActiveCfg = Debug|Win32
		{5E56335F-0FB1-4EEA-B240-D8DC5E0608E4}.Debug.Build.0 = Debug|Win32
		{5E56335F-0FB1-4EEA-B240-D8DC5E0608E4}.Debug Unicode.ActiveCfg = Debug Unicode|Win32
		{5E56335F-0FB1-4EEA-B240-D8DC5E0608E4}.Debug Unicode.Build.0 = Debug Unicode|Win32
		{5E56335F-0FB1-4EEA-B240-D8DC5E0608E4}.Release.ActiveCfg = Release|Win32
		{5E56335F-0FB1-4EEA-B240-D8DC5E0608E4}.Release.Build.0 = Release|Win32
		{5E56335F-0FB1-4EEA-B240-D8DC5E0608E4}.Release Unicode.ActiveCfg = Release Unicode|Win32
		{5E56335F-0FB1-4EEA-B240-D8DC5E0608E4}.Release Unicode.Build.0 = Release Unicode|Win32
		{5E56335F-0FB1-4EEA-B240-D8DC5E0608E4}.ResourceDLL.ActiveCfg = Release Unicode|Win32
		{FC70988B-1AE5-4381-866D-4F405E28AC42}.Debug.ActiveCfg = Debug|Win32
		{FC70988B-1AE5-4381-866D-4F405E28AC42}.Debug.Build.0 = Debug|Win32
		{FC70988B-1AE5-4381-866D-4F405E28AC42}.Debug Unicode.ActiveCfg = Debug Unicode|Win32
		{FC70988B-1AE5-4381-866D-4F405E28AC42}.Debug Unicode.Build.0 = Debug Unicode|Win32
		{FC70988B-1AE5-4381-866D-4F405E28AC42}.Release.ActiveCfg = Release|Win32
		{FC70988B-1AE5-4381-866D-4F405E28AC42}.Release.Build.0 = Release|Win32
		{FC70988B-1AE5-4381-866D-4F405E28AC42}.Release Unicode.ActiveCfg = Release Unicode|Win32
		{FC70988B-1AE5-4381-866D-4F405E28AC42}.Release Unicode.Build.0 = Release Unicode|Win32
		{FC70988B-1AE5-4381-866D-4F405E28AC42}.ResourceDLL.ActiveCfg = Release Unicode|Win32
		{D514EA4D-EAFB-47A9-A437-A582CA571251}.Debug.ActiveCfg = Debug|Win32
		{D514EA4D-EAFB-47A9-A437-A582CA571251}.Debug.Build.0 = Debug|Win32
		{D514EA4D-EAFB-47A9-A437-A582CA571251}.Debug Unicode.ActiveCfg = Debug Unicode|Win32
		{D514EA4D-EAFB-47A9-A437-A582CA571251}.Debug Unicode.Build.0 = Debug Unicode|Win32
		{D514EA4D-EAFB-47A9-A437-A582CA571251}.Release.ActiveCfg = Release|Win32
		{D514EA4D-EAFB-47A9-A437-A582CA571251}.Release.Build.0 = Release|Win32
		{D514EA4D-EAFB-47A9-A437-A582CA571251}.Release Unicode.ActiveCfg = Release Unicode|Win32
		{D514EA4D-EAFB-47A9-A437-A582CA571251}.Release Unicode.Build.0 = Release Unicode|Win32
		{D514EA4D-EAFB-47A9-A437-A582CA571251}.ResourceDLL.ActiveCfg = Release Unicode|Win32
		{1A2DFD1A-3C6C-44D1-909D-294AF646B575}.Debug.ActiveCfg = Debug|Win32
		{1A2DFD1A-3C6C-44D1-909D-294AF646B575}.Debug.Build.0 = Debug|Win32
		{1A2DFD1A-3C6C-44D1-909D-294AF646B575}.Debug Unicode.ActiveCfg = Debug Unicode|Win32
		{1A2DFD1A-3C6C-44D1-909D-294AF646B575}.Debug Unicode.Build.0 = Debug Unicode|Win32
		{1A2DFD1A-3C6C-44D1-909D-294AF646B575}.Release.ActiveCfg = Release|Win32
		{1A2DFD1A-3C6C-44D1-909D-294AF646B575}.Release.Build.0 = Release|Win32
		{1A2DFD1A-3C6C-44D1-909D-294AF646B575}.Release Unicode.ActiveCfg = Release Unicode|Win32
		{1A2DFD1A-3C6C-44D1-909D-294AF646B575}.Release Unicode.Build.0 = Release Unicode|Win32
		{1A2DFD1A-3C6C-44D1-909D-294AF646B575}.ResourceDLL.ActiveCfg = Release Unicode|Win32
		{1A2DFD1A-3C6C-44D1-909D-294AF646B575}.ResourceDLL.Build.0 = Release Unicode|Win32
		{4CC7AE86-3E0A-430A-BFF4-BF00204CAFB0}.Debug.ActiveCfg = Debug|Win32
		{4CC7AE86-3E0A-430A-BFF4-BF00204CAFB0}.Debug.Build.0 = Debug|Win32
		{4CC7AE86-3E0A-430A-BFF4-BF00204CAFB0}.Debug Unicode.ActiveCfg = Debug Unicode|Win32
		{4CC7AE86-3E0A-430A-BFF4-BF00204CAFB0}.Debug Unicode.Build.0 = Debug Unicode|Win32
		{4CC7AE86-3E0A-430A-BFF4-BF00204CAFB0}.Release.ActiveCfg = Release|Win32
		{4CC7AE86-3E0A-430A-BFF4-BF00204CAFB0}.Release.Build.0 = Release|Win32
		{4CC7AE86-3E0A-430A-BFF4-BF00204CAFB0}.Release Unicode.ActiveCfg = Release Unicode|Win32
		{4CC7AE86-3E0A-430A-BFF4-BF00204CAFB0}.Release Unicode.Build.0 = Release Unicode|Win32
		{4CC7AE86-3E0A-430A-BFF4-BF00204CAFB0}.ResourceDLL.ActiveCfg = Release Unicode|Win32
		{4CC7AE86-3E0A-430A-BFF4-BF00204CAFB0}.ResourceDLL.Build.0 = Release Unicode|Win32
		{03208025-D5C2-426A-B0FA-251D4338F30C}.Debug.ActiveCfg = Debug|Win32
		{03208025-D5C2-426A-B0FA-251D4338F30C}.Debug.Build.0 = Debug|Win32
		{03208025-D5C2-426A-B0FA-251D4338F30C}.Debug Unicode.ActiveCfg = Debug Unicode|Win32
		{03208025-D5C2-426A-B0FA-251D4338F30C}.Debug Unicode.Build.0 = Debug Unicode|Win32
		{03208025-D5C2-426A-B0FA-251D4338F30C}.Release.ActiveCfg = Release|Win32
		{03208025-D5C2-426A-B0FA-251D4338F30C}.Release.Build.0 = Release|Win32
		{03208025-D5C2-426A-B0FA-251D4338F30C}.Release Unicode.ActiveCfg = Release Unicode|Win32
		{03208025-D5C2-426A-B0FA-251D4338F30C}.Release Unicode.Build.0 = Release Unicode|Win32
		{03208025-D5C2-426A-B0FA-251D4338F30C}.ResourceDLL.ActiveCfg = Release Unicode|Win32
		{03208025-D5C2-426A-B0FA-251D4338F30C}.ResourceDLL.Build.0 = Release Unicode|Win32
		{61E6EB4D-2F1A-443B-94B0-E8200B26E99F}.Debug.ActiveCfg = Debug|Win32
		{61E6EB4D-2F1A-443B-94B0-E8200B26E99F}.Debug.Build.0 = Debug|Win32
		{61E6EB4D-2F1A-443B-94B0-E8200B26E99F}.Debug Unicode.ActiveCfg = Debug Unicode|Win32
		{61E6EB4D-2F1A-443B-94B0-E8200B26E99F}.Debug Unicode.Build.0 = Debug Unicode|Win32
		{61E6EB4D-2F1A-443B-94B0-E8200B26E99F}.Release.ActiveCfg = Release|Win32
		{61E6EB4D-2F1A-443B-94B0-E8200B26E99F}.Release.Build.0 = Release|Win32
		{61E6EB4D-2F1A-443B-94B0-E8200B26E99F}.Release Unicode.ActiveCfg = Release Unicode|Win32
		{61E6EB4D-2F1A-443B-94B0-E8200B26E99F}.Release Unicode.Build.0 = Release Unicode|Win32
		{61E6EB4D-2F1A-443B-94B0-E8200B26E99F}.ResourceDLL.ActiveCfg = Release Unicode|Win32
		{61E6EB4D-2F1A-443B-94B0-E8200B26E99F}.ResourceDLL.Build.0 = Release Unicode|Win32
		{AB494732-EF6D-44D0-BCF8-80FF04858D10}.Debug.ActiveCfg = Debug|Win32
		{AB494732-EF6D-44D0-BCF8-80FF04858D10}.Debug.Build.0 = Debug|Win32
		{AB494732-EF6D-44D0-BCF8-80FF04858D10}.Debug Unicode.ActiveCfg = Debug Unicode|Win32
		{AB494732-EF6D-44D0-BCF8-80FF04858D10}.Debug Unicode.Build.0 = Debug Unicode|Win32
		{AB494732-EF6D-44D0-BCF8-80FF04858D10}.Release.ActiveCfg = Release|Win32
		{AB494732-EF6D-44D0-BCF8-80FF04858D10}.Release.Build.0 = Release|Win32
		{AB494732-EF6D-44D0-BCF8-80FF04858D10}.Release Unicode.ActiveCfg = Release Unicode|Win32
		{AB494732-EF6D-44D0-BCF8-80FF04858D10}.Release Unicode.Build.0 = Release Unicode|Win32
		{AB494732-EF6D-44D0-BCF8-80FF04858D10}.ResourceDLL.ActiveCfg = Release Unicode|Win32
		{AB494732-EF6D-44D0-BCF8-80FF04858D10}.ResourceDLL.Build.0 = Release Unicode|Win32
	EndGlobalSection
	GlobalSection(ExtensibilityGlobals) = postSolution
	EndGlobalSection
	GlobalSection(ExtensibilityAddIns) = postSolution
	EndGlobalSection
EndGlobal
