Microsoft Visual Studio Solution File, Format Version 9.00
# Visual Studio 2005
Project("{8BC9CEB8-8B4A-11D0-8D11-00A0C91BC942}") = "mplayerc", "mplayerc.vcproj", "{8CE7E5D0-C821-47AC-A247-28EC95B34670}"
	ProjectSection(ProjectDependencies) = postProject
		{1A2DFD1A-3C6C-44D1-909D-294AF646B575} = {1A2DFD1A-3C6C-44D1-909D-294AF646B575}
		{FC8080D1-603C-45EC-BCFA-7172E2F3D989} = {FC8080D1-603C-45EC-BCFA-7172E2F3D989}
		{DD9D2D92-2241-408A-859E-B85D444B7E3C} = {DD9D2D92-2241-408A-859E-B85D444B7E3C}
		{FC70988B-1AE5-4381-866D-4F405E28AC42} = {FC70988B-1AE5-4381-866D-4F405E28AC42}
		{4CC7AE86-3E0A-430A-BFF4-BF00204CAFB0} = {4CC7AE86-3E0A-430A-BFF4-BF00204CAFB0}
		{5E56335F-0FB1-4EEA-B240-D8DC5E0608E4} = {5E56335F-0FB1-4EEA-B240-D8DC5E0608E4}
		{61E6EB4D-2F1A-443B-94B0-E8200B26E99F} = {61E6EB4D-2F1A-443B-94B0-E8200B26E99F}
		{D514EA4D-EAFB-47A9-A437-A582CA571251} = {D514EA4D-EAFB-47A9-A437-A582CA571251}
		{AB494732-EF6D-44D0-BCF8-80FF04858D10} = {AB494732-EF6D-44D0-BCF8-80FF04858D10}
		{03208025-D5C2-426A-B0FA-251D4338F30C} = {03208025-D5C2-426A-B0FA-251D4338F30C}
		{476B97B4-F079-4A44-AF89-52CA30C35E28} = {476B97B4-F079-4A44-AF89-52CA30C35E28}
	EndProjectSection
EndProject
Project("{8BC9CEB8-8B4A-11D0-8D11-00A0C91BC942}") = "subtitles", "..\..\subtitles\subtitles.vcproj", "{5E56335F-0FB1-4EEA-B240-D8DC5E0608E4}"
	ProjectSection(ProjectDependencies) = postProject
		{DD9D2D92-2241-408A-859E-B85D444B7E3C} = {DD9D2D92-2241-408A-859E-B85D444B7E3C}
		{D514EA4D-EAFB-47A9-A437-A582CA571251} = {D514EA4D-EAFB-47A9-A437-A582CA571251}
	EndProjectSection
EndProject
Project("{8BC9CEB8-8B4A-11D0-8D11-00A0C91BC942}") = "dsutil", "..\..\dsutil\dsutil.vcproj", "{FC70988B-1AE5-4381-866D-4F405E28AC42}"
EndProject
Project("{8BC9CEB8-8B4A-11D0-8D11-00A0C91BC942}") = "subpic", "..\..\subpic\subpic.vcproj", "{D514EA4D-EAFB-47A9-A437-A582CA571251}"
EndProject
Project("{8BC9CEB8-8B4A-11D0-8D11-00A0C91BC942}") = "decss", "..\..\decss\decss.vcproj", "{1A2DFD1A-3C6C-44D1-909D-294AF646B575}"
EndProject
Project("{8BC9CEB8-8B4A-11D0-8D11-00A0C91BC942}") = "ResizableLib", "..\..\ui\ResizableLib\ResizableLib.vcproj", "{4CC7AE86-3E0A-430A-BFF4-BF00204CAFB0}"
EndProject
Project("{8BC9CEB8-8B4A-11D0-8D11-00A0C91BC942}") = "CmdUI", "..\..\ui\CmdUI\CmdUI.vcproj", "{03208025-D5C2-426A-B0FA-251D4338F30C}"
EndProject
Project("{8BC9CEB8-8B4A-11D0-8D11-00A0C91BC942}") = "sizecbar", "..\..\ui\sizecbar\sizecbar.vcproj", "{61E6EB4D-2F1A-443B-94B0-E8200B26E99F}"
EndProject
Project("{8BC9CEB8-8B4A-11D0-8D11-00A0C91BC942}") = "TreePropSheet", "..\..\ui\TreePropSheet\TreePropSheet.vcproj", "{AB494732-EF6D-44D0-BCF8-80FF04858D10}"
EndProject
Project("{8BC9CEB8-8B4A-11D0-8D11-00A0C91BC942}") = "libssf", "..\..\subtitles\libssf\libssf.vcproj", "{DD9D2D92-2241-408A-859E-B85D444B7E3C}"
EndProject
Project("{8BC9CEB8-8B4A-11D0-8D11-00A0C91BC942}") = "libpng", "..\..\libpng\libpng.vcproj", "{FC8080D1-603C-45EC-BCFA-7172E2F3D989}"
EndProject
Project("{8BC9CEB8-8B4A-11D0-8D11-00A0C91BC942}") = "LCDUI", "..\..\ui\LCDUI\LCDUI.vcproj", "{476B97B4-F079-4A44-AF89-52CA30C35E28}"
EndProject
Global
	GlobalSection(SolutionConfigurationPlatforms) = preSolution
		Debug Unicode|Win32 = Debug Unicode|Win32
		Debug Unicode|x64 = Debug Unicode|x64
		Debug|Win32 = Debug|Win32
		Debug|x64 = Debug|x64
		Release Unicode|Win32 = Release Unicode|Win32
		Release Unicode|x64 = Release Unicode|x64
		Release|Win32 = Release|Win32
		Release|x64 = Release|x64
	EndGlobalSection
	GlobalSection(ProjectConfigurationPlatforms) = postSolution
		{8CE7E5D0-C821-47AC-A247-28EC95B34670}.Debug Unicode|Win32.ActiveCfg = Debug Unicode|Win32
		{8CE7E5D0-C821-47AC-A247-28EC95B34670}.Debug Unicode|Win32.Build.0 = Debug Unicode|Win32
		{8CE7E5D0-C821-47AC-A247-28EC95B34670}.Debug Unicode|x64.ActiveCfg = Debug Unicode|x64
		{8CE7E5D0-C821-47AC-A247-28EC95B34670}.Debug Unicode|x64.Build.0 = Debug Unicode|x64
		{8CE7E5D0-C821-47AC-A247-28EC95B34670}.Debug|Win32.ActiveCfg = Debug|Win32
		{8CE7E5D0-C821-47AC-A247-28EC95B34670}.Debug|Win32.Build.0 = Debug|Win32
		{8CE7E5D0-C821-47AC-A247-28EC95B34670}.Debug|x64.ActiveCfg = Debug|x64
		{8CE7E5D0-C821-47AC-A247-28EC95B34670}.Debug|x64.Build.0 = Debug|x64
		{8CE7E5D0-C821-47AC-A247-28EC95B34670}.Release Unicode|Win32.ActiveCfg = Release Unicode|Win32
		{8CE7E5D0-C821-47AC-A247-28EC95B34670}.Release Unicode|Win32.Build.0 = Release Unicode|Win32
		{8CE7E5D0-C821-47AC-A247-28EC95B34670}.Release Unicode|x64.ActiveCfg = Release Unicode|x64
		{8CE7E5D0-C821-47AC-A247-28EC95B34670}.Release Unicode|x64.Build.0 = Release Unicode|x64
		{8CE7E5D0-C821-47AC-A247-28EC95B34670}.Release|Win32.ActiveCfg = Release|Win32
		{8CE7E5D0-C821-47AC-A247-28EC95B34670}.Release|Win32.Build.0 = Release|Win32
		{8CE7E5D0-C821-47AC-A247-28EC95B34670}.Release|x64.ActiveCfg = Release|x64
		{8CE7E5D0-C821-47AC-A247-28EC95B34670}.Release|x64.Build.0 = Release|x64
		{5E56335F-0FB1-4EEA-B240-D8DC5E0608E4}.Debug Unicode|Win32.ActiveCfg = Debug Unicode|Win32
		{5E56335F-0FB1-4EEA-B240-D8DC5E0608E4}.Debug Unicode|Win32.Build.0 = Debug Unicode|Win32
		{5E56335F-0FB1-4EEA-B240-D8DC5E0608E4}.Debug Unicode|x64.ActiveCfg = Debug Unicode|x64
		{5E56335F-0FB1-4EEA-B240-D8DC5E0608E4}.Debug Unicode|x64.Build.0 = Debug Unicode|x64
		{5E56335F-0FB1-4EEA-B240-D8DC5E0608E4}.Debug|Win32.ActiveCfg = Debug|Win32
		{5E56335F-0FB1-4EEA-B240-D8DC5E0608E4}.Debug|Win32.Build.0 = Debug|Win32
		{5E56335F-0FB1-4EEA-B240-D8DC5E0608E4}.Debug|x64.ActiveCfg = Debug|x64
		{5E56335F-0FB1-4EEA-B240-D8DC5E0608E4}.Debug|x64.Build.0 = Debug|x64
		{5E56335F-0FB1-4EEA-B240-D8DC5E0608E4}.Release Unicode|Win32.ActiveCfg = Release Unicode|Win32
		{5E56335F-0FB1-4EEA-B240-D8DC5E0608E4}.Release Unicode|Win32.Build.0 = Release Unicode|Win32
		{5E56335F-0FB1-4EEA-B240-D8DC5E0608E4}.Release Unicode|x64.ActiveCfg = Release Unicode|x64
		{5E56335F-0FB1-4EEA-B240-D8DC5E0608E4}.Release Unicode|x64.Build.0 = Release Unicode|x64
		{5E56335F-0FB1-4EEA-B240-D8DC5E0608E4}.Release|Win32.ActiveCfg = Release|Win32
		{5E56335F-0FB1-4EEA-B240-D8DC5E0608E4}.Release|Win32.Build.0 = Release|Win32
		{5E56335F-0FB1-4EEA-B240-D8DC5E0608E4}.Release|x64.ActiveCfg = Release|x64
		{5E56335F-0FB1-4EEA-B240-D8DC5E0608E4}.Release|x64.Build.0 = Release|x64
		{FC70988B-1AE5-4381-866D-4F405E28AC42}.Debug Unicode|Win32.ActiveCfg = Debug Unicode|Win32
		{FC70988B-1AE5-4381-866D-4F405E28AC42}.Debug Unicode|Win32.Build.0 = Debug Unicode|Win32
		{FC70988B-1AE5-4381-866D-4F405E28AC42}.Debug Unicode|x64.ActiveCfg = Debug Unicode|x64
		{FC70988B-1AE5-4381-866D-4F405E28AC42}.Debug Unicode|x64.Build.0 = Debug Unicode|x64
		{FC70988B-1AE5-4381-866D-4F405E28AC42}.Debug|Win32.ActiveCfg = Debug|Win32
		{FC70988B-1AE5-4381-866D-4F405E28AC42}.Debug|Win32.Build.0 = Debug|Win32
		{FC70988B-1AE5-4381-866D-4F405E28AC42}.Debug|x64.ActiveCfg = Debug|x64
		{FC70988B-1AE5-4381-866D-4F405E28AC42}.Debug|x64.Build.0 = Debug|x64
		{FC70988B-1AE5-4381-866D-4F405E28AC42}.Release Unicode|Win32.ActiveCfg = Release Unicode|Win32
		{FC70988B-1AE5-4381-866D-4F405E28AC42}.Release Unicode|Win32.Build.0 = Release Unicode|Win32
		{FC70988B-1AE5-4381-866D-4F405E28AC42}.Release Unicode|x64.ActiveCfg = Release Unicode|x64
		{FC70988B-1AE5-4381-866D-4F405E28AC42}.Release Unicode|x64.Build.0 = Release Unicode|x64
		{FC70988B-1AE5-4381-866D-4F405E28AC42}.Release|Win32.ActiveCfg = Release|Win32
		{FC70988B-1AE5-4381-866D-4F405E28AC42}.Release|Win32.Build.0 = Release|Win32
		{FC70988B-1AE5-4381-866D-4F405E28AC42}.Release|x64.ActiveCfg = Release|x64
		{FC70988B-1AE5-4381-866D-4F405E28AC42}.Release|x64.Build.0 = Release|x64
		{D514EA4D-EAFB-47A9-A437-A582CA571251}.Debug Unicode|Win32.ActiveCfg = Debug Unicode|Win32
		{D514EA4D-EAFB-47A9-A437-A582CA571251}.Debug Unicode|Win32.Build.0 = Debug Unicode|Win32
		{D514EA4D-EAFB-47A9-A437-A582CA571251}.Debug Unicode|x64.ActiveCfg = Debug Unicode|x64
		{D514EA4D-EAFB-47A9-A437-A582CA571251}.Debug Unicode|x64.Build.0 = Debug Unicode|x64
		{D514EA4D-EAFB-47A9-A437-A582CA571251}.Debug|Win32.ActiveCfg = Debug|Win32
		{D514EA4D-EAFB-47A9-A437-A582CA571251}.Debug|Win32.Build.0 = Debug|Win32
		{D514EA4D-EAFB-47A9-A437-A582CA571251}.Debug|x64.ActiveCfg = Debug|x64
		{D514EA4D-EAFB-47A9-A437-A582CA571251}.Debug|x64.Build.0 = Debug|x64
		{D514EA4D-EAFB-47A9-A437-A582CA571251}.Release Unicode|Win32.ActiveCfg = Release Unicode|Win32
		{D514EA4D-EAFB-47A9-A437-A582CA571251}.Release Unicode|Win32.Build.0 = Release Unicode|Win32
		{D514EA4D-EAFB-47A9-A437-A582CA571251}.Release Unicode|x64.ActiveCfg = Release Unicode|x64
		{D514EA4D-EAFB-47A9-A437-A582CA571251}.Release Unicode|x64.Build.0 = Release Unicode|x64
		{D514EA4D-EAFB-47A9-A437-A582CA571251}.Release|Win32.ActiveCfg = Release|Win32
		{D514EA4D-EAFB-47A9-A437-A582CA571251}.Release|Win32.Build.0 = Release|Win32
		{D514EA4D-EAFB-47A9-A437-A582CA571251}.Release|x64.ActiveCfg = Release|x64
		{D514EA4D-EAFB-47A9-A437-A582CA571251}.Release|x64.Build.0 = Release|x64
		{1A2DFD1A-3C6C-44D1-909D-294AF646B575}.Debug Unicode|Win32.ActiveCfg = Debug Unicode|Win32
		{1A2DFD1A-3C6C-44D1-909D-294AF646B575}.Debug Unicode|Win32.Build.0 = Debug Unicode|Win32
		{1A2DFD1A-3C6C-44D1-909D-294AF646B575}.Debug Unicode|x64.ActiveCfg = Debug Unicode|x64
		{1A2DFD1A-3C6C-44D1-909D-294AF646B575}.Debug Unicode|x64.Build.0 = Debug Unicode|x64
		{1A2DFD1A-3C6C-44D1-909D-294AF646B575}.Debug|Win32.ActiveCfg = Debug|Win32
		{1A2DFD1A-3C6C-44D1-909D-294AF646B575}.Debug|Win32.Build.0 = Debug|Win32
		{1A2DFD1A-3C6C-44D1-909D-294AF646B575}.Debug|x64.ActiveCfg = Debug|x64
		{1A2DFD1A-3C6C-44D1-909D-294AF646B575}.Debug|x64.Build.0 = Debug|x64
		{1A2DFD1A-3C6C-44D1-909D-294AF646B575}.Release Unicode|Win32.ActiveCfg = Release Unicode|Win32
		{1A2DFD1A-3C6C-44D1-909D-294AF646B575}.Release Unicode|Win32.Build.0 = Release Unicode|Win32
		{1A2DFD1A-3C6C-44D1-909D-294AF646B575}.Release Unicode|x64.ActiveCfg = Release Unicode|x64
		{1A2DFD1A-3C6C-44D1-909D-294AF646B575}.Release Unicode|x64.Build.0 = Release Unicode|x64
		{1A2DFD1A-3C6C-44D1-909D-294AF646B575}.Release|Win32.ActiveCfg = Release|Win32
		{1A2DFD1A-3C6C-44D1-909D-294AF646B575}.Release|Win32.Build.0 = Release|Win32
		{1A2DFD1A-3C6C-44D1-909D-294AF646B575}.Release|x64.ActiveCfg = Release|x64
		{1A2DFD1A-3C6C-44D1-909D-294AF646B575}.Release|x64.Build.0 = Release|x64
		{4CC7AE86-3E0A-430A-BFF4-BF00204CAFB0}.Debug Unicode|Win32.ActiveCfg = Debug Unicode|Win32
		{4CC7AE86-3E0A-430A-BFF4-BF00204CAFB0}.Debug Unicode|Win32.Build.0 = Debug Unicode|Win32
		{4CC7AE86-3E0A-430A-BFF4-BF00204CAFB0}.Debug Unicode|x64.ActiveCfg = Debug Unicode|x64
		{4CC7AE86-3E0A-430A-BFF4-BF00204CAFB0}.Debug Unicode|x64.Build.0 = Debug Unicode|x64
		{4CC7AE86-3E0A-430A-BFF4-BF00204CAFB0}.Debug|Win32.ActiveCfg = Debug|Win32
		{4CC7AE86-3E0A-430A-BFF4-BF00204CAFB0}.Debug|Win32.Build.0 = Debug|Win32
		{4CC7AE86-3E0A-430A-BFF4-BF00204CAFB0}.Debug|x64.ActiveCfg = Debug|x64
		{4CC7AE86-3E0A-430A-BFF4-BF00204CAFB0}.Debug|x64.Build.0 = Debug|x64
		{4CC7AE86-3E0A-430A-BFF4-BF00204CAFB0}.Release Unicode|Win32.ActiveCfg = Release Unicode|Win32
		{4CC7AE86-3E0A-430A-BFF4-BF00204CAFB0}.Release Unicode|Win32.Build.0 = Release Unicode|Win32
		{4CC7AE86-3E0A-430A-BFF4-BF00204CAFB0}.Release Unicode|x64.ActiveCfg = Release Unicode|x64
		{4CC7AE86-3E0A-430A-BFF4-BF00204CAFB0}.Release Unicode|x64.Build.0 = Release Unicode|x64
		{4CC7AE86-3E0A-430A-BFF4-BF00204CAFB0}.Release|Win32.ActiveCfg = Release|Win32
		{4CC7AE86-3E0A-430A-BFF4-BF00204CAFB0}.Release|Win32.Build.0 = Release|Win32
		{4CC7AE86-3E0A-430A-BFF4-BF00204CAFB0}.Release|x64.ActiveCfg = Release|x64
		{4CC7AE86-3E0A-430A-BFF4-BF00204CAFB0}.Release|x64.Build.0 = Release|x64
		{03208025-D5C2-426A-B0FA-251D4338F30C}.Debug Unicode|Win32.ActiveCfg = Debug Unicode|Win32
		{03208025-D5C2-426A-B0FA-251D4338F30C}.Debug Unicode|Win32.Build.0 = Debug Unicode|Win32
		{03208025-D5C2-426A-B0FA-251D4338F30C}.Debug Unicode|x64.ActiveCfg = Debug Unicode|x64
		{03208025-D5C2-426A-B0FA-251D4338F30C}.Debug Unicode|x64.Build.0 = Debug Unicode|x64
		{03208025-D5C2-426A-B0FA-251D4338F30C}.Debug|Win32.ActiveCfg = Debug|Win32
		{03208025-D5C2-426A-B0FA-251D4338F30C}.Debug|Win32.Build.0 = Debug|Win32
		{03208025-D5C2-426A-B0FA-251D4338F30C}.Debug|x64.ActiveCfg = Debug|x64
		{03208025-D5C2-426A-B0FA-251D4338F30C}.Debug|x64.Build.0 = Debug|x64
		{03208025-D5C2-426A-B0FA-251D4338F30C}.Release Unicode|Win32.ActiveCfg = Release Unicode|Win32
		{03208025-D5C2-426A-B0FA-251D4338F30C}.Release Unicode|Win32.Build.0 = Release Unicode|Win32
		{03208025-D5C2-426A-B0FA-251D4338F30C}.Release Unicode|x64.ActiveCfg = Release Unicode|x64
		{03208025-D5C2-426A-B0FA-251D4338F30C}.Release Unicode|x64.Build.0 = Release Unicode|x64
		{03208025-D5C2-426A-B0FA-251D4338F30C}.Release|Win32.ActiveCfg = Release|Win32
		{03208025-D5C2-426A-B0FA-251D4338F30C}.Release|Win32.Build.0 = Release|Win32
		{03208025-D5C2-426A-B0FA-251D4338F30C}.Release|x64.ActiveCfg = Release|x64
		{03208025-D5C2-426A-B0FA-251D4338F30C}.Release|x64.Build.0 = Release|x64
		{61E6EB4D-2F1A-443B-94B0-E8200B26E99F}.Debug Unicode|Win32.ActiveCfg = Debug Unicode|Win32
		{61E6EB4D-2F1A-443B-94B0-E8200B26E99F}.Debug Unicode|Win32.Build.0 = Debug Unicode|Win32
		{61E6EB4D-2F1A-443B-94B0-E8200B26E99F}.Debug Unicode|x64.ActiveCfg = Debug Unicode|x64
		{61E6EB4D-2F1A-443B-94B0-E8200B26E99F}.Debug Unicode|x64.Build.0 = Debug Unicode|x64
		{61E6EB4D-2F1A-443B-94B0-E8200B26E99F}.Debug|Win32.ActiveCfg = Debug|Win32
		{61E6EB4D-2F1A-443B-94B0-E8200B26E99F}.Debug|Win32.Build.0 = Debug|Win32
		{61E6EB4D-2F1A-443B-94B0-E8200B26E99F}.Debug|x64.ActiveCfg = Debug|x64
		{61E6EB4D-2F1A-443B-94B0-E8200B26E99F}.Debug|x64.Build.0 = Debug|x64
		{61E6EB4D-2F1A-443B-94B0-E8200B26E99F}.Release Unicode|Win32.ActiveCfg = Release Unicode|Win32
		{61E6EB4D-2F1A-443B-94B0-E8200B26E99F}.Release Unicode|Win32.Build.0 = Release Unicode|Win32
		{61E6EB4D-2F1A-443B-94B0-E8200B26E99F}.Release Unicode|x64.ActiveCfg = Release Unicode|x64
		{61E6EB4D-2F1A-443B-94B0-E8200B26E99F}.Release Unicode|x64.Build.0 = Release Unicode|x64
		{61E6EB4D-2F1A-443B-94B0-E8200B26E99F}.Release|Win32.ActiveCfg = Release|Win32
		{61E6EB4D-2F1A-443B-94B0-E8200B26E99F}.Release|Win32.Build.0 = Release|Win32
		{61E6EB4D-2F1A-443B-94B0-E8200B26E99F}.Release|x64.ActiveCfg = Release|x64
		{61E6EB4D-2F1A-443B-94B0-E8200B26E99F}.Release|x64.Build.0 = Release|x64
		{AB494732-EF6D-44D0-BCF8-80FF04858D10}.Debug Unicode|Win32.ActiveCfg = Debug Unicode|Win32
		{AB494732-EF6D-44D0-BCF8-80FF04858D10}.Debug Unicode|Win32.Build.0 = Debug Unicode|Win32
		{AB494732-EF6D-44D0-BCF8-80FF04858D10}.Debug Unicode|x64.ActiveCfg = Debug Unicode|x64
		{AB494732-EF6D-44D0-BCF8-80FF04858D10}.Debug Unicode|x64.Build.0 = Debug Unicode|x64
		{AB494732-EF6D-44D0-BCF8-80FF04858D10}.Debug|Win32.ActiveCfg = Debug|Win32
		{AB494732-EF6D-44D0-BCF8-80FF04858D10}.Debug|Win32.Build.0 = Debug|Win32
		{AB494732-EF6D-44D0-BCF8-80FF04858D10}.Debug|x64.ActiveCfg = Debug|x64
		{AB494732-EF6D-44D0-BCF8-80FF04858D10}.Debug|x64.Build.0 = Debug|x64
		{AB494732-EF6D-44D0-BCF8-80FF04858D10}.Release Unicode|Win32.ActiveCfg = Release Unicode|Win32
		{AB494732-EF6D-44D0-BCF8-80FF04858D10}.Release Unicode|Win32.Build.0 = Release Unicode|Win32
		{AB494732-EF6D-44D0-BCF8-80FF04858D10}.Release Unicode|x64.ActiveCfg = Release Unicode|x64
		{AB494732-EF6D-44D0-BCF8-80FF04858D10}.Release Unicode|x64.Build.0 = Release Unicode|x64
		{AB494732-EF6D-44D0-BCF8-80FF04858D10}.Release|Win32.ActiveCfg = Release|Win32
		{AB494732-EF6D-44D0-BCF8-80FF04858D10}.Release|Win32.Build.0 = Release|Win32
		{AB494732-EF6D-44D0-BCF8-80FF04858D10}.Release|x64.ActiveCfg = Release|x64
		{AB494732-EF6D-44D0-BCF8-80FF04858D10}.Release|x64.Build.0 = Release|x64
		{DD9D2D92-2241-408A-859E-B85D444B7E3C}.Debug Unicode|Win32.ActiveCfg = Debug Unicode|Win32
		{DD9D2D92-2241-408A-859E-B85D444B7E3C}.Debug Unicode|Win32.Build.0 = Debug Unicode|Win32
		{DD9D2D92-2241-408A-859E-B85D444B7E3C}.Debug Unicode|x64.ActiveCfg = Debug Unicode|x64
		{DD9D2D92-2241-408A-859E-B85D444B7E3C}.Debug Unicode|x64.Build.0 = Debug Unicode|x64
		{DD9D2D92-2241-408A-859E-B85D444B7E3C}.Debug|Win32.ActiveCfg = Debug|Win32
		{DD9D2D92-2241-408A-859E-B85D444B7E3C}.Debug|Win32.Build.0 = Debug|Win32
		{DD9D2D92-2241-408A-859E-B85D444B7E3C}.Debug|x64.ActiveCfg = Debug|x64
		{DD9D2D92-2241-408A-859E-B85D444B7E3C}.Debug|x64.Build.0 = Debug|x64
		{DD9D2D92-2241-408A-859E-B85D444B7E3C}.Release Unicode|Win32.ActiveCfg = Release Unicode|Win32
		{DD9D2D92-2241-408A-859E-B85D444B7E3C}.Release Unicode|Win32.Build.0 = Release Unicode|Win32
		{DD9D2D92-2241-408A-859E-B85D444B7E3C}.Release Unicode|x64.ActiveCfg = Release Unicode|x64
		{DD9D2D92-2241-408A-859E-B85D444B7E3C}.Release Unicode|x64.Build.0 = Release Unicode|x64
		{DD9D2D92-2241-408A-859E-B85D444B7E3C}.Release|Win32.ActiveCfg = Release|Win32
		{DD9D2D92-2241-408A-859E-B85D444B7E3C}.Release|Win32.Build.0 = Release|Win32
		{DD9D2D92-2241-408A-859E-B85D444B7E3C}.Release|x64.ActiveCfg = Release|x64
		{DD9D2D92-2241-408A-859E-B85D444B7E3C}.Release|x64.Build.0 = Release|x64
		{FC8080D1-603C-45EC-BCFA-7172E2F3D989}.Debug Unicode|Win32.ActiveCfg = Debug|Win32
		{FC8080D1-603C-45EC-BCFA-7172E2F3D989}.Debug Unicode|Win32.Build.0 = Debug|Win32
		{FC8080D1-603C-45EC-BCFA-7172E2F3D989}.Debug Unicode|x64.ActiveCfg = Debug|x64
		{FC8080D1-603C-45EC-BCFA-7172E2F3D989}.Debug Unicode|x64.Build.0 = Debug|x64
		{FC8080D1-603C-45EC-BCFA-7172E2F3D989}.Debug|Win32.ActiveCfg = Debug|Win32
		{FC8080D1-603C-45EC-BCFA-7172E2F3D989}.Debug|Win32.Build.0 = Debug|Win32
		{FC8080D1-603C-45EC-BCFA-7172E2F3D989}.Debug|x64.ActiveCfg = Debug|x64
		{FC8080D1-603C-45EC-BCFA-7172E2F3D989}.Debug|x64.Build.0 = Debug|x64
		{FC8080D1-603C-45EC-BCFA-7172E2F3D989}.Release Unicode|Win32.ActiveCfg = Release|Win32
		{FC8080D1-603C-45EC-BCFA-7172E2F3D989}.Release Unicode|Win32.Build.0 = Release|Win32
		{FC8080D1-603C-45EC-BCFA-7172E2F3D989}.Release Unicode|x64.ActiveCfg = Release|x64
		{FC8080D1-603C-45EC-BCFA-7172E2F3D989}.Release Unicode|x64.Build.0 = Release|x64
		{FC8080D1-603C-45EC-BCFA-7172E2F3D989}.Release|Win32.ActiveCfg = Release|Win32
		{FC8080D1-603C-45EC-BCFA-7172E2F3D989}.Release|Win32.Build.0 = Release|Win32
		{FC8080D1-603C-45EC-BCFA-7172E2F3D989}.Release|x64.ActiveCfg = Release|x64
		{FC8080D1-603C-45EC-BCFA-7172E2F3D989}.Release|x64.Build.0 = Release|x64
		{476B97B4-F079-4A44-AF89-52CA30C35E28}.Debug Unicode|Win32.ActiveCfg = Debug Unicode|Win32
		{476B97B4-F079-4A44-AF89-52CA30C35E28}.Debug Unicode|Win32.Build.0 = Debug Unicode|Win32
		{476B97B4-F079-4A44-AF89-52CA30C35E28}.Debug Unicode|x64.ActiveCfg = Debug Unicode|x64
		{476B97B4-F079-4A44-AF89-52CA30C35E28}.Debug Unicode|x64.Build.0 = Debug Unicode|x64
		{476B97B4-F079-4A44-AF89-52CA30C35E28}.Debug|Win32.ActiveCfg = Debug|Win32
		{476B97B4-F079-4A44-AF89-52CA30C35E28}.Debug|Win32.Build.0 = Debug|Win32
		{476B97B4-F079-4A44-AF89-52CA30C35E28}.Debug|x64.ActiveCfg = Debug|x64
		{476B97B4-F079-4A44-AF89-52CA30C35E28}.Debug|x64.Build.0 = Debug|x64
		{476B97B4-F079-4A44-AF89-52CA30C35E28}.Release Unicode|Win32.ActiveCfg = Release Unicode|Win32
		{476B97B4-F079-4A44-AF89-52CA30C35E28}.Release Unicode|Win32.Build.0 = Release Unicode|Win32
		{476B97B4-F079-4A44-AF89-52CA30C35E28}.Release Unicode|x64.ActiveCfg = Release Unicode|x64
		{476B97B4-F079-4A44-AF89-52CA30C35E28}.Release Unicode|x64.Build.0 = Release Unicode|x64
		{476B97B4-F079-4A44-AF89-52CA30C35E28}.Release|Win32.ActiveCfg = Release|Win32
		{476B97B4-F079-4A44-AF89-52CA30C35E28}.Release|Win32.Build.0 = Release|Win32
		{476B97B4-F079-4A44-AF89-52CA30C35E28}.Release|x64.ActiveCfg = Release|x64
		{476B97B4-F079-4A44-AF89-52CA30C35E28}.Release|x64.Build.0 = Release|x64
	EndGlobalSection
	GlobalSection(SolutionProperties) = preSolution
		HideSolutionNode = FALSE
	EndGlobalSection
EndGlobal
