Microsoft Visual Studio Solution File, Format Version 7.00
Project("{8BC9CEB8-8B4A-11D0-8D11-00A0C91BC942}") = "bufferfilter", "bufferfilter.vcproj", "{9DCFD02A-16A0-4766-BC18-66163E21929D}"
EndProject
Global
	GlobalSection(SolutionConfiguration) = preSolution
		ConfigName.0 = Debug
		ConfigName.1 = Debug lib
		ConfigName.2 = Debug Unicode
		ConfigName.3 = Debug Unicode lib
		ConfigName.4 = Release
		ConfigName.5 = Release lib
		ConfigName.6 = Release Unicode
		ConfigName.7 = Release Unicode lib
	EndGlobalSection
	GlobalSection(ProjectDependencies) = postSolution
	EndGlobalSection
	GlobalSection(ProjectConfiguration) = postSolution
		{9DCFD02A-16A0-4766-BC18-66163E21929D}.Debug.ActiveCfg = Debug|Win32
		{9DCFD02A-16A0-4766-BC18-66163E21929D}.Debug.Build.0 = Debug|Win32
		{9DCFD02A-16A0-4766-BC18-66163E21929D}.Debug lib.ActiveCfg = Debug lib|Win32
		{9DCFD02A-16A0-4766-BC18-66163E21929D}.Debug lib.Build.0 = Debug lib|Win32
		{9DCFD02A-16A0-4766-BC18-66163E21929D}.Debug Unicode.ActiveCfg = Debug Unicode|Win32
		{9DCFD02A-16A0-4766-BC18-66163E21929D}.Debug Unicode.Build.0 = Debug Unicode|Win32
		{9DCFD02A-16A0-4766-BC18-66163E21929D}.Debug Unicode lib.ActiveCfg = Debug Unicode lib|Win32
		{9DCFD02A-16A0-4766-BC18-66163E21929D}.Debug Unicode lib.Build.0 = Debug Unicode lib|Win32
		{9DCFD02A-16A0-4766-BC18-66163E21929D}.Release.ActiveCfg = Release|Win32
		{9DCFD02A-16A0-4766-BC18-66163E21929D}.Release.Build.0 = Release|Win32
		{9DCFD02A-16A0-4766-BC18-66163E21929D}.Release lib.ActiveCfg = Release lib|Win32
		{9DCFD02A-16A0-4766-BC18-66163E21929D}.Release lib.Build.0 = Release lib|Win32
		{9DCFD02A-16A0-4766-BC18-66163E21929D}.Release Unicode.ActiveCfg = Release Unicode|Win32
		{9DCFD02A-16A0-4766-BC18-66163E21929D}.Release Unicode.Build.0 = Release Unicode|Win32
		{9DCFD02A-16A0-4766-BC18-66163E21929D}.Release Unicode lib.ActiveCfg = Release Unicode lib|Win32
		{9DCFD02A-16A0-4766-BC18-66163E21929D}.Release Unicode lib.Build.0 = Release Unicode lib|Win32
	EndGlobalSection
	GlobalSection(ExtensibilityGlobals) = postSolution
	EndGlobalSection
	GlobalSection(ExtensibilityAddIns) = postSolution
	EndGlobalSection
EndGlobal
