Microsoft Visual Studio Solution File, Format Version 10.00
# Visual Studio 2008
Project("{8BC9CEB8-8B4A-11D0-8D11-00A0C91BC942}") = "AsyncReader", "src\filters\reader\AsyncReader\AsyncReader.vcproj", "{9F31D122-E84D-485A-A58D-09DAD01A56CE}"
	ProjectSection(ProjectDependencies) = postProject
		{E8A3F6FA-AE1C-4C8E-A0B6-9C8480324EAA} = {E8A3F6FA-AE1C-4C8E-A0B6-9C8480324EAA}
	EndProjectSection
EndProject
Project("{8BC9CEB8-8B4A-11D0-8D11-00A0C91BC942}") = "AudioSwitcher", "src\filters\switcher\Audioswitcher\AudioSwitcher.vcproj", "{D8DB3E7E-D50E-4EC3-A9B9-DAD18F5FE466}"
	ProjectSection(ProjectDependencies) = postProject
		{273B3149-3192-4B75-A791-470320B90812} = {273B3149-3192-4B75-A791-470320B90812}
		{0D252872-7542-4232-8D02-53F9182AEE15} = {0D252872-7542-4232-8D02-53F9182AEE15}
		{C2082189-3ECB-4079-91FA-89D3C8A305C0} = {C2082189-3ECB-4079-91FA-89D3C8A305C0}
		{FC70988B-1AE5-4381-866D-4F405E28AC42} = {FC70988B-1AE5-4381-866D-4F405E28AC42}
		{E8A3F6FA-AE1C-4C8E-A0B6-9C8480324EAA} = {E8A3F6FA-AE1C-4C8E-A0B6-9C8480324EAA}
	EndProjectSection
EndProject
Project("{8BC9CEB8-8B4A-11D0-8D11-00A0C91BC942}") = "AVI2AC3Filter", "src\filters\transform\AVI2AC3Filter\AVI2AC3Filter.vcproj", "{339A4575-E25B-45D6-94A1-D835891740B8}"
	ProjectSection(ProjectDependencies) = postProject
		{273B3149-3192-4B75-A791-470320B90812} = {273B3149-3192-4B75-A791-470320B90812}
		{E8A3F6FA-AE1C-4C8E-A0B6-9C8480324EAA} = {E8A3F6FA-AE1C-4C8E-A0B6-9C8480324EAA}
	EndProjectSection
EndProject
Project("{8BC9CEB8-8B4A-11D0-8D11-00A0C91BC942}") = "AviSplitter", "src\filters\parser\AviSplitter\AviSplitter.vcproj", "{9738B023-FC46-48A2-953A-0035FD897678}"
	ProjectSection(ProjectDependencies) = postProject
		{37768B3F-89BC-4C16-B2A8-767C5DA84C3F} = {37768B3F-89BC-4C16-B2A8-767C5DA84C3F}
		{0D252872-7542-4232-8D02-53F9182AEE15} = {0D252872-7542-4232-8D02-53F9182AEE15}
		{C2082189-3ECB-4079-91FA-89D3C8A305C0} = {C2082189-3ECB-4079-91FA-89D3C8A305C0}
		{FC70988B-1AE5-4381-866D-4F405E28AC42} = {FC70988B-1AE5-4381-866D-4F405E28AC42}
		{E8A3F6FA-AE1C-4C8E-A0B6-9C8480324EAA} = {E8A3F6FA-AE1C-4C8E-A0B6-9C8480324EAA}
	EndProjectSection
EndProject
Project("{8BC9CEB8-8B4A-11D0-8D11-00A0C91BC942}") = "BaseClasses", "src\filters\BaseClasses\BaseClasses.vcproj", "{E8A3F6FA-AE1C-4C8E-A0B6-9C8480324EAA}"
EndProject
Project("{8BC9CEB8-8B4A-11D0-8D11-00A0C91BC942}") = "BaseMuxer", "src\filters\muxer\BaseMuxer\BaseMuxer.vcproj", "{DB5F93B2-54D0-4474-A588-D259BE36C832}"
	ProjectSection(ProjectDependencies) = postProject
		{E8A3F6FA-AE1C-4C8E-A0B6-9C8480324EAA} = {E8A3F6FA-AE1C-4C8E-A0B6-9C8480324EAA}
	EndProjectSection
EndProject
Project("{8BC9CEB8-8B4A-11D0-8D11-00A0C91BC942}") = "BaseSource", "src\filters\source\BaseSource\BaseSource.vcproj", "{F50E74C2-5BE7-4C9B-B1E7-6CA19CFAD34E}"
	ProjectSection(ProjectDependencies) = postProject
		{E8A3F6FA-AE1C-4C8E-A0B6-9C8480324EAA} = {E8A3F6FA-AE1C-4C8E-A0B6-9C8480324EAA}
	EndProjectSection
EndProject
Project("{8BC9CEB8-8B4A-11D0-8D11-00A0C91BC942}") = "BaseSplitter", "src\filters\parser\BaseSplitter\BaseSplitter.vcproj", "{37768B3F-89BC-4C16-B2A8-767C5DA84C3F}"
	ProjectSection(ProjectDependencies) = postProject
		{E8A3F6FA-AE1C-4C8E-A0B6-9C8480324EAA} = {E8A3F6FA-AE1C-4C8E-A0B6-9C8480324EAA}
	EndProjectSection
EndProject
Project("{8BC9CEB8-8B4A-11D0-8D11-00A0C91BC942}") = "BaseVideoFilter", "src\filters\transform\BaseVideoFilter\BaseVideoFilter.vcproj", "{54DDA60F-E528-4D07-A152-960A1E818680}"
	ProjectSection(ProjectDependencies) = postProject
		{E8A3F6FA-AE1C-4C8E-A0B6-9C8480324EAA} = {E8A3F6FA-AE1C-4C8E-A0B6-9C8480324EAA}
	EndProjectSection
EndProject
Project("{8BC9CEB8-8B4A-11D0-8D11-00A0C91BC942}") = "BufferFilter", "src\filters\transform\BufferFilter\BufferFilter.vcproj", "{9DCFD02A-16A0-4766-BC18-66163E21929D}"
	ProjectSection(ProjectDependencies) = postProject
		{273B3149-3192-4B75-A791-470320B90812} = {273B3149-3192-4B75-A791-470320B90812}
		{E8A3F6FA-AE1C-4C8E-A0B6-9C8480324EAA} = {E8A3F6FA-AE1C-4C8E-A0B6-9C8480324EAA}
	EndProjectSection
EndProject
Project("{8BC9CEB8-8B4A-11D0-8D11-00A0C91BC942}") = "CDDAReader", "src\filters\reader\CDDAReader\CDDAReader.vcproj", "{543D40E9-8CA6-4E4B-9936-90CBA562B268}"
	ProjectSection(ProjectDependencies) = postProject
		{9F31D122-E84D-485A-A58D-09DAD01A56CE} = {9F31D122-E84D-485A-A58D-09DAD01A56CE}
		{273B3149-3192-4B75-A791-470320B90812} = {273B3149-3192-4B75-A791-470320B90812}
		{0D252872-7542-4232-8D02-53F9182AEE15} = {0D252872-7542-4232-8D02-53F9182AEE15}
		{C2082189-3ECB-4079-91FA-89D3C8A305C0} = {C2082189-3ECB-4079-91FA-89D3C8A305C0}
		{FC70988B-1AE5-4381-866D-4F405E28AC42} = {FC70988B-1AE5-4381-866D-4F405E28AC42}
		{E8A3F6FA-AE1C-4C8E-A0B6-9C8480324EAA} = {E8A3F6FA-AE1C-4C8E-A0B6-9C8480324EAA}
	EndProjectSection
EndProject
Project("{8BC9CEB8-8B4A-11D0-8D11-00A0C91BC942}") = "CDXAReader", "src\filters\reader\CDXAReader\CDXAReader.vcproj", "{4D3B4FF4-535A-4201-AB7D-9AEC1E737A95}"
	ProjectSection(ProjectDependencies) = postProject
		{9F31D122-E84D-485A-A58D-09DAD01A56CE} = {9F31D122-E84D-485A-A58D-09DAD01A56CE}
		{273B3149-3192-4B75-A791-470320B90812} = {273B3149-3192-4B75-A791-470320B90812}
		{0D252872-7542-4232-8D02-53F9182AEE15} = {0D252872-7542-4232-8D02-53F9182AEE15}
		{C2082189-3ECB-4079-91FA-89D3C8A305C0} = {C2082189-3ECB-4079-91FA-89D3C8A305C0}
		{FC70988B-1AE5-4381-866D-4F405E28AC42} = {FC70988B-1AE5-4381-866D-4F405E28AC42}
		{E8A3F6FA-AE1C-4C8E-A0B6-9C8480324EAA} = {E8A3F6FA-AE1C-4C8E-A0B6-9C8480324EAA}
	EndProjectSection
EndProject
Project("{8BC9CEB8-8B4A-11D0-8D11-00A0C91BC942}") = "D2VSource", "src\filters\source\D2VSource\D2VSource.vcproj", "{83CC6B88-A112-4192-BD5A-F2A249AF2277}"
	ProjectSection(ProjectDependencies) = postProject
		{273B3149-3192-4B75-A791-470320B90812} = {273B3149-3192-4B75-A791-470320B90812}
		{0D252872-7542-4232-8D02-53F9182AEE15} = {0D252872-7542-4232-8D02-53F9182AEE15}
		{C2082189-3ECB-4079-91FA-89D3C8A305C0} = {C2082189-3ECB-4079-91FA-89D3C8A305C0}
		{FC70988B-1AE5-4381-866D-4F405E28AC42} = {FC70988B-1AE5-4381-866D-4F405E28AC42}
		{F50E74C2-5BE7-4C9B-B1E7-6CA19CFAD34E} = {F50E74C2-5BE7-4C9B-B1E7-6CA19CFAD34E}
		{E8A3F6FA-AE1C-4C8E-A0B6-9C8480324EAA} = {E8A3F6FA-AE1C-4C8E-A0B6-9C8480324EAA}
	EndProjectSection
EndProject
Project("{8BC9CEB8-8B4A-11D0-8D11-00A0C91BC942}") = "DeCSS", "src\DeCSS\DeCSS.vcproj", "{1A2DFD1A-3C6C-44D1-909D-294AF646B575}"
EndProject
Project("{8BC9CEB8-8B4A-11D0-8D11-00A0C91BC942}") = "DeCSSFilter", "src\filters\transform\DeCSSFilter\DeCSSFilter.vcproj", "{F6B06383-3FFD-403B-9867-4AA82A20AA83}"
	ProjectSection(ProjectDependencies) = postProject
		{1A2DFD1A-3C6C-44D1-909D-294AF646B575} = {1A2DFD1A-3C6C-44D1-909D-294AF646B575}
		{273B3149-3192-4B75-A791-470320B90812} = {273B3149-3192-4B75-A791-470320B90812}
		{E8A3F6FA-AE1C-4C8E-A0B6-9C8480324EAA} = {E8A3F6FA-AE1C-4C8E-A0B6-9C8480324EAA}
	EndProjectSection
EndProject
Project("{8BC9CEB8-8B4A-11D0-8D11-00A0C91BC942}") = "DiracSplitter", "src\filters\parser\DiracSplitter\DiracSplitter.vcproj", "{ECB1B3B7-196D-4809-A5E2-6F65CDBB6CCA}"
	ProjectSection(ProjectDependencies) = postProject
		{37768B3F-89BC-4C16-B2A8-767C5DA84C3F} = {37768B3F-89BC-4C16-B2A8-767C5DA84C3F}
		{12BE3440-A1F3-4C48-A229-30CB619EA276} = {12BE3440-A1F3-4C48-A229-30CB619EA276}
		{273B3149-3192-4B75-A791-470320B90812} = {273B3149-3192-4B75-A791-470320B90812}
		{0D252872-7542-4232-8D02-53F9182AEE15} = {0D252872-7542-4232-8D02-53F9182AEE15}
		{C2082189-3ECB-4079-91FA-89D3C8A305C0} = {C2082189-3ECB-4079-91FA-89D3C8A305C0}
		{FC70988B-1AE5-4381-866D-4F405E28AC42} = {FC70988B-1AE5-4381-866D-4F405E28AC42}
		{E8A3F6FA-AE1C-4C8E-A0B6-9C8480324EAA} = {E8A3F6FA-AE1C-4C8E-A0B6-9C8480324EAA}
	EndProjectSection
EndProject
Project("{8BC9CEB8-8B4A-11D0-8D11-00A0C91BC942}") = "DSMMuxer", "src\filters\muxer\DSMMuxer\DSMMuxer.vcproj", "{65361C7C-83D6-42E4-870C-4DC85AE641FE}"
	ProjectSection(ProjectDependencies) = postProject
		{273B3149-3192-4B75-A791-470320B90812} = {273B3149-3192-4B75-A791-470320B90812}
		{0D252872-7542-4232-8D02-53F9182AEE15} = {0D252872-7542-4232-8D02-53F9182AEE15}
		{C2082189-3ECB-4079-91FA-89D3C8A305C0} = {C2082189-3ECB-4079-91FA-89D3C8A305C0}
		{FC70988B-1AE5-4381-866D-4F405E28AC42} = {FC70988B-1AE5-4381-866D-4F405E28AC42}
		{DD9D2D92-2241-408A-859E-B85D444B7E3C} = {DD9D2D92-2241-408A-859E-B85D444B7E3C}
		{DB5F93B2-54D0-4474-A588-D259BE36C832} = {DB5F93B2-54D0-4474-A588-D259BE36C832}
		{E8A3F6FA-AE1C-4C8E-A0B6-9C8480324EAA} = {E8A3F6FA-AE1C-4C8E-A0B6-9C8480324EAA}
	EndProjectSection
EndProject
Project("{8BC9CEB8-8B4A-11D0-8D11-00A0C91BC942}") = "DSMSplitter", "src\filters\parser\DSMSplitter\DSMSplitter.vcproj", "{1E91F58C-0BAE-4021-8087-D1864D8EC066}"
	ProjectSection(ProjectDependencies) = postProject
		{37768B3F-89BC-4C16-B2A8-767C5DA84C3F} = {37768B3F-89BC-4C16-B2A8-767C5DA84C3F}
		{273B3149-3192-4B75-A791-470320B90812} = {273B3149-3192-4B75-A791-470320B90812}
		{0D252872-7542-4232-8D02-53F9182AEE15} = {0D252872-7542-4232-8D02-53F9182AEE15}
		{C2082189-3ECB-4079-91FA-89D3C8A305C0} = {C2082189-3ECB-4079-91FA-89D3C8A305C0}
		{FC70988B-1AE5-4381-866D-4F405E28AC42} = {FC70988B-1AE5-4381-866D-4F405E28AC42}
		{E8A3F6FA-AE1C-4C8E-A0B6-9C8480324EAA} = {E8A3F6FA-AE1C-4C8E-A0B6-9C8480324EAA}
	EndProjectSection
EndProject
Project("{8BC9CEB8-8B4A-11D0-8D11-00A0C91BC942}") = "DSUtil", "src\DSUtil\DSUtil.vcproj", "{FC70988B-1AE5-4381-866D-4F405E28AC42}"
	ProjectSection(ProjectDependencies) = postProject
		{0D252872-7542-4232-8D02-53F9182AEE15} = {0D252872-7542-4232-8D02-53F9182AEE15}
	EndProjectSection
EndProject
Project("{8BC9CEB8-8B4A-11D0-8D11-00A0C91BC942}") = "DTSAC3Source", "src\filters\source\DTSAC3Source\DTSAC3Source.vcproj", "{30D48874-899F-41C6-9B26-A40C96C91102}"
	ProjectSection(ProjectDependencies) = postProject
		{273B3149-3192-4B75-A791-470320B90812} = {273B3149-3192-4B75-A791-470320B90812}
		{0D252872-7542-4232-8D02-53F9182AEE15} = {0D252872-7542-4232-8D02-53F9182AEE15}
		{C2082189-3ECB-4079-91FA-89D3C8A305C0} = {C2082189-3ECB-4079-91FA-89D3C8A305C0}
		{FC70988B-1AE5-4381-866D-4F405E28AC42} = {FC70988B-1AE5-4381-866D-4F405E28AC42}
		{F50E74C2-5BE7-4C9B-B1E7-6CA19CFAD34E} = {F50E74C2-5BE7-4C9B-B1E7-6CA19CFAD34E}
		{E8A3F6FA-AE1C-4C8E-A0B6-9C8480324EAA} = {E8A3F6FA-AE1C-4C8E-A0B6-9C8480324EAA}
	EndProjectSection
EndProject
Project("{8BC9CEB8-8B4A-11D0-8D11-00A0C91BC942}") = "Filters", "src\filters\Filters.vcproj", "{273B3149-3192-4B75-A791-470320B90812}"
	ProjectSection(ProjectDependencies) = postProject
		{E8A3F6FA-AE1C-4C8E-A0B6-9C8480324EAA} = {E8A3F6FA-AE1C-4C8E-A0B6-9C8480324EAA}
	EndProjectSection
EndProject
Project("{8BC9CEB8-8B4A-11D0-8D11-00A0C91BC942}") = "FlacSource", "src\filters\source\FlacSource\Flacsource.vcproj", "{916D0FC1-1D86-487A-82DE-37FBEE43FB34}"
	ProjectSection(ProjectDependencies) = postProject
		{273B3149-3192-4B75-A791-470320B90812} = {273B3149-3192-4B75-A791-470320B90812}
		{0D252872-7542-4232-8D02-53F9182AEE15} = {0D252872-7542-4232-8D02-53F9182AEE15}
		{4CEFBC84-C215-11DB-8314-0800200C9A66} = {4CEFBC84-C215-11DB-8314-0800200C9A66}
		{C2082189-3ECB-4079-91FA-89D3C8A305C0} = {C2082189-3ECB-4079-91FA-89D3C8A305C0}
		{FC70988B-1AE5-4381-866D-4F405E28AC42} = {FC70988B-1AE5-4381-866D-4F405E28AC42}
		{F50E74C2-5BE7-4C9B-B1E7-6CA19CFAD34E} = {F50E74C2-5BE7-4C9B-B1E7-6CA19CFAD34E}
		{E8A3F6FA-AE1C-4C8E-A0B6-9C8480324EAA} = {E8A3F6FA-AE1C-4C8E-A0B6-9C8480324EAA}
	EndProjectSection
EndProject
Project("{8BC9CEB8-8B4A-11D0-8D11-00A0C91BC942}") = "FLICSource", "src\filters\source\FLICSource\FLICSource.vcproj", "{431DD5B6-3F2F-47EE-A23F-514BC044B704}"
	ProjectSection(ProjectDependencies) = postProject
		{273B3149-3192-4B75-A791-470320B90812} = {273B3149-3192-4B75-A791-470320B90812}
		{0D252872-7542-4232-8D02-53F9182AEE15} = {0D252872-7542-4232-8D02-53F9182AEE15}
		{C2082189-3ECB-4079-91FA-89D3C8A305C0} = {C2082189-3ECB-4079-91FA-89D3C8A305C0}
		{FC70988B-1AE5-4381-866D-4F405E28AC42} = {FC70988B-1AE5-4381-866D-4F405E28AC42}
		{E8A3F6FA-AE1C-4C8E-A0B6-9C8480324EAA} = {E8A3F6FA-AE1C-4C8E-A0B6-9C8480324EAA}
	EndProjectSection
EndProject
Project("{8BC9CEB8-8B4A-11D0-8D11-00A0C91BC942}") = "FLVSplitter", "src\filters\parser\FLVSplitter\FLVSplitter.vcproj", "{E62223EF-8263-41EB-8174-CD78BBEEF368}"
	ProjectSection(ProjectDependencies) = postProject
		{54DDA60F-E528-4D07-A152-960A1E818680} = {54DDA60F-E528-4D07-A152-960A1E818680}
		{37768B3F-89BC-4C16-B2A8-767C5DA84C3F} = {37768B3F-89BC-4C16-B2A8-767C5DA84C3F}
		{273B3149-3192-4B75-A791-470320B90812} = {273B3149-3192-4B75-A791-470320B90812}
		{0D252872-7542-4232-8D02-53F9182AEE15} = {0D252872-7542-4232-8D02-53F9182AEE15}
		{C2082189-3ECB-4079-91FA-89D3C8A305C0} = {C2082189-3ECB-4079-91FA-89D3C8A305C0}
		{FC70988B-1AE5-4381-866D-4F405E28AC42} = {FC70988B-1AE5-4381-866D-4F405E28AC42}
		{FC70988B-1AE5-4381-866D-4F405E28AC42} = {FC70988B-1AE5-4381-866D-4F405E28AC42}
		{E8A3F6FA-AE1C-4C8E-A0B6-9C8480324EAA} = {E8A3F6FA-AE1C-4C8E-A0B6-9C8480324EAA}
	EndProjectSection
EndProject
Project("{8BC9CEB8-8B4A-11D0-8D11-00A0C91BC942}") = "liba52", "src\filters\transform\MpaDecFilter\a52dec\vc++\liba52.vcproj", "{62FE6D94-E17C-4A8E-8D3C-7A589A70D865}"
EndProject
Project("{8BC9CEB8-8B4A-11D0-8D11-00A0C91BC942}") = "libavcodec", "src\filters\transform\mpcvideodec\ffmpeg\libavcodec.vcproj", "{5CAF881C-9349-4EE2-9697-982C10795033}"
EndProject
Project("{8BC9CEB8-8B4A-11D0-8D11-00A0C91BC942}") = "libavcodec_gcc", "src\filters\transform\mpcvideodec\ffmpeg\libavcodec_gcc.vcproj", "{438286B7-A9F4-411D-BCC5-948C40E37D8F}"
EndProject
Project("{8BC9CEB8-8B4A-11D0-8D11-00A0C91BC942}") = "libdca", "src\filters\transform\MpaDecFilter\libdca\vc++\libdca.vcproj", "{FAE14DBE-B508-4AB3-929D-75C68E4EBBC1}"
EndProject
Project("{8BC9CEB8-8B4A-11D0-8D11-00A0C91BC942}") = "libdirac", "src\filters\parser\diracsplitter\libdirac\libdirac.vcproj", "{12BE3440-A1F3-4C48-A229-30CB619EA276}"
EndProject
Project("{8BC9CEB8-8B4A-11D0-8D11-00A0C91BC942}") = "libfaad", "src\filters\transform\MpaDecFilter\faad2\libfaad\libfaad.vcproj", "{5EFCFACB-1835-422C-ACDA-E3B3A2F51387}"
EndProject
Project("{8BC9CEB8-8B4A-11D0-8D11-00A0C91BC942}") = "libflac", "src\filters\transform\MpaDecFilter\libflac\src\libFLAC\libflac.vcproj", "{4CEFBC84-C215-11DB-8314-0800200C9A66}"
EndProject
Project("{8BC9CEB8-8B4A-11D0-8D11-00A0C91BC942}") = "libmad", "src\filters\transform\MpaDecFilter\libmad\msvc++\libmad.vcproj", "{D8365C15-2166-4DB6-8A2D-1C8F0239EB18}"
EndProject
Project("{8BC9CEB8-8B4A-11D0-8D11-00A0C91BC942}") = "libssf", "src\subtitles\libssf\libssf.vcproj", "{DD9D2D92-2241-408A-859E-B85D444B7E3C}"
EndProject
Project("{8BC9CEB8-8B4A-11D0-8D11-00A0C91BC942}") = "libvorbisidec", "src\filters\transform\MpaDecFilter\libvorbisidec\libvorbisidec.vcproj", "{A7134255-DFF3-42F7-9BC2-FAC6E71CFFAE}"
EndProject
Project("{8BC9CEB8-8B4A-11D0-8D11-00A0C91BC942}") = "MatroskaMuxer", "src\filters\muxer\MatroskaMuxer\MatroskaMuxer.vcproj", "{67827491-8162-4039-9132-F934ABC836A0}"
	ProjectSection(ProjectDependencies) = postProject
		{273B3149-3192-4B75-A791-470320B90812} = {273B3149-3192-4B75-A791-470320B90812}
		{0D252872-7542-4232-8D02-53F9182AEE15} = {0D252872-7542-4232-8D02-53F9182AEE15}
		{C2082189-3ECB-4079-91FA-89D3C8A305C0} = {C2082189-3ECB-4079-91FA-89D3C8A305C0}
		{FC70988B-1AE5-4381-866D-4F405E28AC42} = {FC70988B-1AE5-4381-866D-4F405E28AC42}
		{E8A3F6FA-AE1C-4C8E-A0B6-9C8480324EAA} = {E8A3F6FA-AE1C-4C8E-A0B6-9C8480324EAA}
	EndProjectSection
EndProject
Project("{8BC9CEB8-8B4A-11D0-8D11-00A0C91BC942}") = "MatroskaSplitter", "src\filters\parser\MatroskaSplitter\MatroskaSplitter.vcproj", "{3F5EA225-F4B7-4413-AEB3-4E4E5751E438}"
	ProjectSection(ProjectDependencies) = postProject
		{37768B3F-89BC-4C16-B2A8-767C5DA84C3F} = {37768B3F-89BC-4C16-B2A8-767C5DA84C3F}
		{273B3149-3192-4B75-A791-470320B90812} = {273B3149-3192-4B75-A791-470320B90812}
		{2FCD4B66-9CF9-4C8F-BC70-37CD20002D49} = {2FCD4B66-9CF9-4C8F-BC70-37CD20002D49}
		{0D252872-7542-4232-8D02-53F9182AEE15} = {0D252872-7542-4232-8D02-53F9182AEE15}
		{C2082189-3ECB-4079-91FA-89D3C8A305C0} = {C2082189-3ECB-4079-91FA-89D3C8A305C0}
		{FC70988B-1AE5-4381-866D-4F405E28AC42} = {FC70988B-1AE5-4381-866D-4F405E28AC42}
		{E8A3F6FA-AE1C-4C8E-A0B6-9C8480324EAA} = {E8A3F6FA-AE1C-4C8E-A0B6-9C8480324EAA}
	EndProjectSection
EndProject
Project("{8BC9CEB8-8B4A-11D0-8D11-00A0C91BC942}") = "MP4Splitter", "src\filters\parser\MP4Splitter\MP4Splitter.vcproj", "{9ED4B036-7399-4128-868D-6E71188E0277}"
	ProjectSection(ProjectDependencies) = postProject
		{37768B3F-89BC-4C16-B2A8-767C5DA84C3F} = {37768B3F-89BC-4C16-B2A8-767C5DA84C3F}
		{273B3149-3192-4B75-A791-470320B90812} = {273B3149-3192-4B75-A791-470320B90812}
		{2FCD4B66-9CF9-4C8F-BC70-37CD20002D49} = {2FCD4B66-9CF9-4C8F-BC70-37CD20002D49}
		{0D252872-7542-4232-8D02-53F9182AEE15} = {0D252872-7542-4232-8D02-53F9182AEE15}
		{C2082189-3ECB-4079-91FA-89D3C8A305C0} = {C2082189-3ECB-4079-91FA-89D3C8A305C0}
		{FC70988B-1AE5-4381-866D-4F405E28AC42} = {FC70988B-1AE5-4381-866D-4F405E28AC42}
		{E8A3F6FA-AE1C-4C8E-A0B6-9C8480324EAA} = {E8A3F6FA-AE1C-4C8E-A0B6-9C8480324EAA}
	EndProjectSection
EndProject
Project("{8BC9CEB8-8B4A-11D0-8D11-00A0C91BC942}") = "MpaDecFilter", "src\filters\transform\MpaDecFilter\MpaDecFilter.vcproj", "{4421516D-10A6-41C1-ADF3-099573BBB0C6}"
	ProjectSection(ProjectDependencies) = postProject
		{D8365C15-2166-4DB6-8A2D-1C8F0239EB18} = {D8365C15-2166-4DB6-8A2D-1C8F0239EB18}
		{1A2DFD1A-3C6C-44D1-909D-294AF646B575} = {1A2DFD1A-3C6C-44D1-909D-294AF646B575}
		{5CAF881C-9349-4EE2-9697-982C10795033} = {5CAF881C-9349-4EE2-9697-982C10795033}
		{273B3149-3192-4B75-A791-470320B90812} = {273B3149-3192-4B75-A791-470320B90812}
		{A7134255-DFF3-42F7-9BC2-FAC6E71CFFAE} = {A7134255-DFF3-42F7-9BC2-FAC6E71CFFAE}
		{2FCD4B66-9CF9-4C8F-BC70-37CD20002D49} = {2FCD4B66-9CF9-4C8F-BC70-37CD20002D49}
		{4CEFBC84-C215-11DB-8314-0800200C9A66} = {4CEFBC84-C215-11DB-8314-0800200C9A66}
		{FC70988B-1AE5-4381-866D-4F405E28AC42} = {FC70988B-1AE5-4381-866D-4F405E28AC42}
		{62FE6D94-E17C-4A8E-8D3C-7A589A70D865} = {62FE6D94-E17C-4A8E-8D3C-7A589A70D865}
		{438286B7-A9F4-411D-BCC5-948C40E37D8F} = {438286B7-A9F4-411D-BCC5-948C40E37D8F}
		{FAE14DBE-B508-4AB3-929D-75C68E4EBBC1} = {FAE14DBE-B508-4AB3-929D-75C68E4EBBC1}
		{5EFCFACB-1835-422C-ACDA-E3B3A2F51387} = {5EFCFACB-1835-422C-ACDA-E3B3A2F51387}
		{E8A3F6FA-AE1C-4C8E-A0B6-9C8480324EAA} = {E8A3F6FA-AE1C-4C8E-A0B6-9C8480324EAA}
	EndProjectSection
EndProject
Project("{8BC9CEB8-8B4A-11D0-8D11-00A0C91BC942}") = "MpaSplitter", "src\filters\parser\MpaSplitter\MpaSplitter.vcproj", "{C0F7A036-FC2D-40DF-9852-C37518DB6B3E}"
	ProjectSection(ProjectDependencies) = postProject
		{37768B3F-89BC-4C16-B2A8-767C5DA84C3F} = {37768B3F-89BC-4C16-B2A8-767C5DA84C3F}
		{273B3149-3192-4B75-A791-470320B90812} = {273B3149-3192-4B75-A791-470320B90812}
		{0D252872-7542-4232-8D02-53F9182AEE15} = {0D252872-7542-4232-8D02-53F9182AEE15}
		{C2082189-3ECB-4079-91FA-89D3C8A305C0} = {C2082189-3ECB-4079-91FA-89D3C8A305C0}
		{FC70988B-1AE5-4381-866D-4F405E28AC42} = {FC70988B-1AE5-4381-866D-4F405E28AC42}
		{E8A3F6FA-AE1C-4C8E-A0B6-9C8480324EAA} = {E8A3F6FA-AE1C-4C8E-A0B6-9C8480324EAA}
	EndProjectSection
EndProject
Project("{8BC9CEB8-8B4A-11D0-8D11-00A0C91BC942}") = "MpcAudioRendererFilter", "src\filters\renderer\MpcAudioRenderer\MpcAudioRendererFilter.vcproj", "{D0620EF4-1313-40D5-9069-A82F6FE26994}"
	ProjectSection(ProjectDependencies) = postProject
		{273B3149-3192-4B75-A791-470320B90812} = {273B3149-3192-4B75-A791-470320B90812}
		{FC70988B-1AE5-4381-866D-4F405E28AC42} = {FC70988B-1AE5-4381-866D-4F405E28AC42}
		{E8A3F6FA-AE1C-4C8E-A0B6-9C8480324EAA} = {E8A3F6FA-AE1C-4C8E-A0B6-9C8480324EAA}
	EndProjectSection
EndProject
Project("{8BC9CEB8-8B4A-11D0-8D11-00A0C91BC942}") = "MPCVideoDec", "src\filters\transform\MPCVideoDec\MPCVideoDec.vcproj", "{58E36BF5-4A06-47E4-BD40-4CCEF8C634DF}"
	ProjectSection(ProjectDependencies) = postProject
		{54DDA60F-E528-4D07-A152-960A1E818680} = {54DDA60F-E528-4D07-A152-960A1E818680}
		{5CAF881C-9349-4EE2-9697-982C10795033} = {5CAF881C-9349-4EE2-9697-982C10795033}
		{273B3149-3192-4B75-A791-470320B90812} = {273B3149-3192-4B75-A791-470320B90812}
		{2FCD4B66-9CF9-4C8F-BC70-37CD20002D49} = {2FCD4B66-9CF9-4C8F-BC70-37CD20002D49}
		{0D252872-7542-4232-8D02-53F9182AEE15} = {0D252872-7542-4232-8D02-53F9182AEE15}
		{C2082189-3ECB-4079-91FA-89D3C8A305C0} = {C2082189-3ECB-4079-91FA-89D3C8A305C0}
		{FC70988B-1AE5-4381-866D-4F405E28AC42} = {FC70988B-1AE5-4381-866D-4F405E28AC42}
		{438286B7-A9F4-411D-BCC5-948C40E37D8F} = {438286B7-A9F4-411D-BCC5-948C40E37D8F}
		{E8A3F6FA-AE1C-4C8E-A0B6-9C8480324EAA} = {E8A3F6FA-AE1C-4C8E-A0B6-9C8480324EAA}
	EndProjectSection
EndProject
Project("{8BC9CEB8-8B4A-11D0-8D11-00A0C91BC942}") = "Mpeg2DecFilter", "src\filters\transform\Mpeg2DecFilter\Mpeg2DecFilter.vcproj", "{305BAB2D-0D75-4FBC-8BCD-A2917392B48C}"
	ProjectSection(ProjectDependencies) = postProject
		{54DDA60F-E528-4D07-A152-960A1E818680} = {54DDA60F-E528-4D07-A152-960A1E818680}
		{1A2DFD1A-3C6C-44D1-909D-294AF646B575} = {1A2DFD1A-3C6C-44D1-909D-294AF646B575}
		{273B3149-3192-4B75-A791-470320B90812} = {273B3149-3192-4B75-A791-470320B90812}
		{0D252872-7542-4232-8D02-53F9182AEE15} = {0D252872-7542-4232-8D02-53F9182AEE15}
		{C2082189-3ECB-4079-91FA-89D3C8A305C0} = {C2082189-3ECB-4079-91FA-89D3C8A305C0}
		{FC70988B-1AE5-4381-866D-4F405E28AC42} = {FC70988B-1AE5-4381-866D-4F405E28AC42}
		{E8A3F6FA-AE1C-4C8E-A0B6-9C8480324EAA} = {E8A3F6FA-AE1C-4C8E-A0B6-9C8480324EAA}
	EndProjectSection
EndProject
Project("{8BC9CEB8-8B4A-11D0-8D11-00A0C91BC942}") = "MpegSplitter", "src\filters\parser\MpegSplitter\MpegSplitter.vcproj", "{4628C665-EDE4-40D2-B525-32BE8B8551C8}"
	ProjectSection(ProjectDependencies) = postProject
		{37768B3F-89BC-4C16-B2A8-767C5DA84C3F} = {37768B3F-89BC-4C16-B2A8-767C5DA84C3F}
		{273B3149-3192-4B75-A791-470320B90812} = {273B3149-3192-4B75-A791-470320B90812}
		{0D252872-7542-4232-8D02-53F9182AEE15} = {0D252872-7542-4232-8D02-53F9182AEE15}
		{C2082189-3ECB-4079-91FA-89D3C8A305C0} = {C2082189-3ECB-4079-91FA-89D3C8A305C0}
		{FC70988B-1AE5-4381-866D-4F405E28AC42} = {FC70988B-1AE5-4381-866D-4F405E28AC42}
		{E8A3F6FA-AE1C-4C8E-A0B6-9C8480324EAA} = {E8A3F6FA-AE1C-4C8E-A0B6-9C8480324EAA}
	EndProjectSection
EndProject
Project("{8BC9CEB8-8B4A-11D0-8D11-00A0C91BC942}") = "NutSplitter", "src\filters\parser\NutSplitter\NutSplitter.vcproj", "{E776D3C2-5BFA-41B9-B998-A35B549AF737}"
	ProjectSection(ProjectDependencies) = postProject
		{37768B3F-89BC-4C16-B2A8-767C5DA84C3F} = {37768B3F-89BC-4C16-B2A8-767C5DA84C3F}
		{273B3149-3192-4B75-A791-470320B90812} = {273B3149-3192-4B75-A791-470320B90812}
		{0D252872-7542-4232-8D02-53F9182AEE15} = {0D252872-7542-4232-8D02-53F9182AEE15}
		{C2082189-3ECB-4079-91FA-89D3C8A305C0} = {C2082189-3ECB-4079-91FA-89D3C8A305C0}
		{FC70988B-1AE5-4381-866D-4F405E28AC42} = {FC70988B-1AE5-4381-866D-4F405E28AC42}
		{E8A3F6FA-AE1C-4C8E-A0B6-9C8480324EAA} = {E8A3F6FA-AE1C-4C8E-A0B6-9C8480324EAA}
	EndProjectSection
EndProject
Project("{8BC9CEB8-8B4A-11D0-8D11-00A0C91BC942}") = "OggSplitter", "src\filters\parser\OggSplitter\OggSplitter.vcproj", "{7FE0A205-3F39-4AC3-BC3C-C2D9E4D02475}"
	ProjectSection(ProjectDependencies) = postProject
		{37768B3F-89BC-4C16-B2A8-767C5DA84C3F} = {37768B3F-89BC-4C16-B2A8-767C5DA84C3F}
		{273B3149-3192-4B75-A791-470320B90812} = {273B3149-3192-4B75-A791-470320B90812}
		{0D252872-7542-4232-8D02-53F9182AEE15} = {0D252872-7542-4232-8D02-53F9182AEE15}
		{C2082189-3ECB-4079-91FA-89D3C8A305C0} = {C2082189-3ECB-4079-91FA-89D3C8A305C0}
		{FC70988B-1AE5-4381-866D-4F405E28AC42} = {FC70988B-1AE5-4381-866D-4F405E28AC42}
		{E8A3F6FA-AE1C-4C8E-A0B6-9C8480324EAA} = {E8A3F6FA-AE1C-4C8E-A0B6-9C8480324EAA}
	EndProjectSection
EndProject
Project("{8BC9CEB8-8B4A-11D0-8D11-00A0C91BC942}") = "RealMediaSplitter", "src\filters\parser\RealMediaSplitter\RealMediaSplitter.vcproj", "{53CF9195-19DB-457D-8F55-8DB1706DFA84}"
	ProjectSection(ProjectDependencies) = postProject
		{54DDA60F-E528-4D07-A152-960A1E818680} = {54DDA60F-E528-4D07-A152-960A1E818680}
		{37768B3F-89BC-4C16-B2A8-767C5DA84C3F} = {37768B3F-89BC-4C16-B2A8-767C5DA84C3F}
		{273B3149-3192-4B75-A791-470320B90812} = {273B3149-3192-4B75-A791-470320B90812}
		{0D252872-7542-4232-8D02-53F9182AEE15} = {0D252872-7542-4232-8D02-53F9182AEE15}
		{C2082189-3ECB-4079-91FA-89D3C8A305C0} = {C2082189-3ECB-4079-91FA-89D3C8A305C0}
		{FC70988B-1AE5-4381-866D-4F405E28AC42} = {FC70988B-1AE5-4381-866D-4F405E28AC42}
		{E8A3F6FA-AE1C-4C8E-A0B6-9C8480324EAA} = {E8A3F6FA-AE1C-4C8E-A0B6-9C8480324EAA}
	EndProjectSection
EndProject
Project("{8BC9CEB8-8B4A-11D0-8D11-00A0C91BC942}") = "RoQSplitter", "src\filters\parser\RoQSplitter\RoQSplitter.vcproj", "{23E1898F-8262-435C-8848-D4D8824E6D71}"
	ProjectSection(ProjectDependencies) = postProject
		{37768B3F-89BC-4C16-B2A8-767C5DA84C3F} = {37768B3F-89BC-4C16-B2A8-767C5DA84C3F}
		{273B3149-3192-4B75-A791-470320B90812} = {273B3149-3192-4B75-A791-470320B90812}
		{0D252872-7542-4232-8D02-53F9182AEE15} = {0D252872-7542-4232-8D02-53F9182AEE15}
		{C2082189-3ECB-4079-91FA-89D3C8A305C0} = {C2082189-3ECB-4079-91FA-89D3C8A305C0}
		{FC70988B-1AE5-4381-866D-4F405E28AC42} = {FC70988B-1AE5-4381-866D-4F405E28AC42}
		{E8A3F6FA-AE1C-4C8E-A0B6-9C8480324EAA} = {E8A3F6FA-AE1C-4C8E-A0B6-9C8480324EAA}
	EndProjectSection
EndProject
Project("{8BC9CEB8-8B4A-11D0-8D11-00A0C91BC942}") = "ShoutcastSource", "src\filters\source\ShoutcastSource\ShoutcastSource.vcproj", "{42B599D7-BB84-481F-A42A-2DBE0E2E2D7E}"
	ProjectSection(ProjectDependencies) = postProject
		{273B3149-3192-4B75-A791-470320B90812} = {273B3149-3192-4B75-A791-470320B90812}
		{E8A3F6FA-AE1C-4C8E-A0B6-9C8480324EAA} = {E8A3F6FA-AE1C-4C8E-A0B6-9C8480324EAA}
	EndProjectSection
EndProject
Project("{8BC9CEB8-8B4A-11D0-8D11-00A0C91BC942}") = "SSFSplitter", "src\filters\parser\SSFSplitter\SSFSplitter.vcproj", "{CC07B80F-D44F-41A9-9E37-5F2B47B46EDC}"
	ProjectSection(ProjectDependencies) = postProject
		{37768B3F-89BC-4C16-B2A8-767C5DA84C3F} = {37768B3F-89BC-4C16-B2A8-767C5DA84C3F}
		{273B3149-3192-4B75-A791-470320B90812} = {273B3149-3192-4B75-A791-470320B90812}
		{0D252872-7542-4232-8D02-53F9182AEE15} = {0D252872-7542-4232-8D02-53F9182AEE15}
		{C2082189-3ECB-4079-91FA-89D3C8A305C0} = {C2082189-3ECB-4079-91FA-89D3C8A305C0}
		{FC70988B-1AE5-4381-866D-4F405E28AC42} = {FC70988B-1AE5-4381-866D-4F405E28AC42}
		{DD9D2D92-2241-408A-859E-B85D444B7E3C} = {DD9D2D92-2241-408A-859E-B85D444B7E3C}
		{E8A3F6FA-AE1C-4C8E-A0B6-9C8480324EAA} = {E8A3F6FA-AE1C-4C8E-A0B6-9C8480324EAA}
	EndProjectSection
EndProject
Project("{8BC9CEB8-8B4A-11D0-8D11-00A0C91BC942}") = "StreamDriveThru", "src\filters\parser\StreamDriveThru\StreamDriveThru.vcproj", "{AE399B7E-2B2C-4A96-9016-C5C74B0A2FA0}"
	ProjectSection(ProjectDependencies) = postProject
		{273B3149-3192-4B75-A791-470320B90812} = {273B3149-3192-4B75-A791-470320B90812}
		{0D252872-7542-4232-8D02-53F9182AEE15} = {0D252872-7542-4232-8D02-53F9182AEE15}
		{C2082189-3ECB-4079-91FA-89D3C8A305C0} = {C2082189-3ECB-4079-91FA-89D3C8A305C0}
		{FC70988B-1AE5-4381-866D-4F405E28AC42} = {FC70988B-1AE5-4381-866D-4F405E28AC42}
		{E8A3F6FA-AE1C-4C8E-A0B6-9C8480324EAA} = {E8A3F6FA-AE1C-4C8E-A0B6-9C8480324EAA}
	EndProjectSection
EndProject
Project("{8BC9CEB8-8B4A-11D0-8D11-00A0C91BC942}") = "SubPic", "src\SubPic\SubPic.vcproj", "{D514EA4D-EAFB-47A9-A437-A582CA571251}"
EndProject
Project("{8BC9CEB8-8B4A-11D0-8D11-00A0C91BC942}") = "Subtitles", "src\Subtitles\Subtitles.vcproj", "{5E56335F-0FB1-4EEA-B240-D8DC5E0608E4}"
EndProject
Project("{8BC9CEB8-8B4A-11D0-8D11-00A0C91BC942}") = "SubtitleSource", "src\filters\source\SubtitleSource\SubtitleSource.vcproj", "{8F998497-9C51-4FAA-83E4-1D85B22CBA13}"
	ProjectSection(ProjectDependencies) = postProject
		{273B3149-3192-4B75-A791-470320B90812} = {273B3149-3192-4B75-A791-470320B90812}
		{D514EA4D-EAFB-47A9-A437-A582CA571251} = {D514EA4D-EAFB-47A9-A437-A582CA571251}
		{5E56335F-0FB1-4EEA-B240-D8DC5E0608E4} = {5E56335F-0FB1-4EEA-B240-D8DC5E0608E4}
		{0D252872-7542-4232-8D02-53F9182AEE15} = {0D252872-7542-4232-8D02-53F9182AEE15}
		{C2082189-3ECB-4079-91FA-89D3C8A305C0} = {C2082189-3ECB-4079-91FA-89D3C8A305C0}
		{FC70988B-1AE5-4381-866D-4F405E28AC42} = {FC70988B-1AE5-4381-866D-4F405E28AC42}
		{E8A3F6FA-AE1C-4C8E-A0B6-9C8480324EAA} = {E8A3F6FA-AE1C-4C8E-A0B6-9C8480324EAA}
	EndProjectSection
EndProject
Project("{8BC9CEB8-8B4A-11D0-8D11-00A0C91BC942}") = "UDPReader", "src\filters\reader\UDPReader\UDPReader.vcproj", "{3020FF9B-8202-488D-B137-11DECC510E6E}"
	ProjectSection(ProjectDependencies) = postProject
		{9F31D122-E84D-485A-A58D-09DAD01A56CE} = {9F31D122-E84D-485A-A58D-09DAD01A56CE}
		{273B3149-3192-4B75-A791-470320B90812} = {273B3149-3192-4B75-A791-470320B90812}
		{0D252872-7542-4232-8D02-53F9182AEE15} = {0D252872-7542-4232-8D02-53F9182AEE15}
		{C2082189-3ECB-4079-91FA-89D3C8A305C0} = {C2082189-3ECB-4079-91FA-89D3C8A305C0}
		{FC70988B-1AE5-4381-866D-4F405E28AC42} = {FC70988B-1AE5-4381-866D-4F405E28AC42}
		{E8A3F6FA-AE1C-4C8E-A0B6-9C8480324EAA} = {E8A3F6FA-AE1C-4C8E-A0B6-9C8480324EAA}
	EndProjectSection
EndProject
Project("{2150E333-8FDC-42A3-9474-1A3956D46DE8}") = "VD", "VD", "{0D3ED276-19CD-4385-9F47-99082ED2CE24}"
EndProject
Project("{8BC9CEB8-8B4A-11D0-8D11-00A0C91BC942}") = "Kasumi", "src\thirdparty\VirtualDub\Kasumi\Kasumi.vcproj", "{0D252872-7542-4232-8D02-53F9182AEE15}"
	ProjectSection(ProjectDependencies) = postProject
		{C2082189-3ECB-4079-91FA-89D3C8A305C0} = {C2082189-3ECB-4079-91FA-89D3C8A305C0}
	EndProjectSection
EndProject
Project("{8BC9CEB8-8B4A-11D0-8D11-00A0C91BC942}") = "system", "src\thirdparty\VirtualDub\system\system.vcproj", "{C2082189-3ECB-4079-91FA-89D3C8A305C0}"
EndProject
Project("{8BC9CEB8-8B4A-11D0-8D11-00A0C91BC942}") = "VSFilter", "src\filters\transform\VSFilter\VSFilter.vcproj", "{F671100C-469F-4723-AAC4-B7FE4F5B8DC4}"
	ProjectSection(ProjectDependencies) = postProject
		{54DDA60F-E528-4D07-A152-960A1E818680} = {54DDA60F-E528-4D07-A152-960A1E818680}
		{273B3149-3192-4B75-A791-470320B90812} = {273B3149-3192-4B75-A791-470320B90812}
		{D514EA4D-EAFB-47A9-A437-A582CA571251} = {D514EA4D-EAFB-47A9-A437-A582CA571251}
		{5E56335F-0FB1-4EEA-B240-D8DC5E0608E4} = {5E56335F-0FB1-4EEA-B240-D8DC5E0608E4}
		{FC70988B-1AE5-4381-866D-4F405E28AC42} = {FC70988B-1AE5-4381-866D-4F405E28AC42}
		{DD9D2D92-2241-408A-859E-B85D444B7E3C} = {DD9D2D92-2241-408A-859E-B85D444B7E3C}
		{E8A3F6FA-AE1C-4C8E-A0B6-9C8480324EAA} = {E8A3F6FA-AE1C-4C8E-A0B6-9C8480324EAA}
	EndProjectSection
EndProject
Project("{8BC9CEB8-8B4A-11D0-8D11-00A0C91BC942}") = "VTSReader", "src\filters\reader\VTSReader\VTSReader.vcproj", "{664E726B-EEEE-403A-AC15-345D9C9E1375}"
	ProjectSection(ProjectDependencies) = postProject
		{1A2DFD1A-3C6C-44D1-909D-294AF646B575} = {1A2DFD1A-3C6C-44D1-909D-294AF646B575}
		{9F31D122-E84D-485A-A58D-09DAD01A56CE} = {9F31D122-E84D-485A-A58D-09DAD01A56CE}
		{273B3149-3192-4B75-A791-470320B90812} = {273B3149-3192-4B75-A791-470320B90812}
		{0D252872-7542-4232-8D02-53F9182AEE15} = {0D252872-7542-4232-8D02-53F9182AEE15}
		{C2082189-3ECB-4079-91FA-89D3C8A305C0} = {C2082189-3ECB-4079-91FA-89D3C8A305C0}
		{FC70988B-1AE5-4381-866D-4F405E28AC42} = {FC70988B-1AE5-4381-866D-4F405E28AC42}
		{E8A3F6FA-AE1C-4C8E-A0B6-9C8480324EAA} = {E8A3F6FA-AE1C-4C8E-A0B6-9C8480324EAA}
	EndProjectSection
EndProject
Project("{8BC9CEB8-8B4A-11D0-8D11-00A0C91BC942}") = "WavDest", "src\filters\muxer\WavDest\WavDest.vcproj", "{EB202B68-8029-4985-B914-E94B44D2E230}"
	ProjectSection(ProjectDependencies) = postProject
		{273B3149-3192-4B75-A791-470320B90812} = {273B3149-3192-4B75-A791-470320B90812}
		{E8A3F6FA-AE1C-4C8E-A0B6-9C8480324EAA} = {E8A3F6FA-AE1C-4C8E-A0B6-9C8480324EAA}
	EndProjectSection
EndProject
Project("{8BC9CEB8-8B4A-11D0-8D11-00A0C91BC942}") = "zlib", "src\thirdparty\zlib\zlib.vcproj", "{2FCD4B66-9CF9-4C8F-BC70-37CD20002D49}"
EndProject
Global
	GlobalSection(SolutionConfigurationPlatforms) = preSolution
		Debug Filter|Win32 = Debug Filter|Win32
		Debug Filter|x64 = Debug Filter|x64
		Release Filter|Win32 = Release Filter|Win32
		Release Filter|x64 = Release Filter|x64
	EndGlobalSection
	GlobalSection(ProjectConfigurationPlatforms) = postSolution
		{9F31D122-E84D-485A-A58D-09DAD01A56CE}.Debug Filter|Win32.ActiveCfg = Debug|Win32
		{9F31D122-E84D-485A-A58D-09DAD01A56CE}.Debug Filter|Win32.Build.0 = Debug|Win32
		{9F31D122-E84D-485A-A58D-09DAD01A56CE}.Debug Filter|x64.ActiveCfg = Debug|x64
		{9F31D122-E84D-485A-A58D-09DAD01A56CE}.Debug Filter|x64.Build.0 = Debug|x64
		{9F31D122-E84D-485A-A58D-09DAD01A56CE}.Release Filter|Win32.ActiveCfg = Release|Win32
		{9F31D122-E84D-485A-A58D-09DAD01A56CE}.Release Filter|Win32.Build.0 = Release|Win32
		{9F31D122-E84D-485A-A58D-09DAD01A56CE}.Release Filter|x64.ActiveCfg = Release|x64
		{9F31D122-E84D-485A-A58D-09DAD01A56CE}.Release Filter|x64.Build.0 = Release|x64
		{D8DB3E7E-D50E-4EC3-A9B9-DAD18F5FE466}.Debug Filter|Win32.ActiveCfg = Debug Filter|Win32
		{D8DB3E7E-D50E-4EC3-A9B9-DAD18F5FE466}.Debug Filter|Win32.Build.0 = Debug Filter|Win32
		{D8DB3E7E-D50E-4EC3-A9B9-DAD18F5FE466}.Debug Filter|x64.ActiveCfg = Debug Filter|x64
		{D8DB3E7E-D50E-4EC3-A9B9-DAD18F5FE466}.Debug Filter|x64.Build.0 = Debug Filter|x64
		{D8DB3E7E-D50E-4EC3-A9B9-DAD18F5FE466}.Release Filter|Win32.ActiveCfg = Release Filter|Win32
		{D8DB3E7E-D50E-4EC3-A9B9-DAD18F5FE466}.Release Filter|Win32.Build.0 = Release Filter|Win32
		{D8DB3E7E-D50E-4EC3-A9B9-DAD18F5FE466}.Release Filter|x64.ActiveCfg = Release Filter|x64
		{D8DB3E7E-D50E-4EC3-A9B9-DAD18F5FE466}.Release Filter|x64.Build.0 = Release Filter|x64
		{339A4575-E25B-45D6-94A1-D835891740B8}.Debug Filter|Win32.ActiveCfg = Debug Filter|Win32
		{339A4575-E25B-45D6-94A1-D835891740B8}.Debug Filter|Win32.Build.0 = Debug Filter|Win32
		{339A4575-E25B-45D6-94A1-D835891740B8}.Debug Filter|x64.ActiveCfg = Debug Filter|x64
		{339A4575-E25B-45D6-94A1-D835891740B8}.Debug Filter|x64.Build.0 = Debug Filter|x64
		{339A4575-E25B-45D6-94A1-D835891740B8}.Release Filter|Win32.ActiveCfg = Release Filter|Win32
		{339A4575-E25B-45D6-94A1-D835891740B8}.Release Filter|Win32.Build.0 = Release Filter|Win32
		{339A4575-E25B-45D6-94A1-D835891740B8}.Release Filter|x64.ActiveCfg = Release Filter|x64
		{339A4575-E25B-45D6-94A1-D835891740B8}.Release Filter|x64.Build.0 = Release Filter|x64
		{9738B023-FC46-48A2-953A-0035FD897678}.Debug Filter|Win32.ActiveCfg = Debug Filter|Win32
		{9738B023-FC46-48A2-953A-0035FD897678}.Debug Filter|Win32.Build.0 = Debug Filter|Win32
		{9738B023-FC46-48A2-953A-0035FD897678}.Debug Filter|x64.ActiveCfg = Debug Filter|x64
		{9738B023-FC46-48A2-953A-0035FD897678}.Debug Filter|x64.Build.0 = Debug Filter|x64
		{9738B023-FC46-48A2-953A-0035FD897678}.Release Filter|Win32.ActiveCfg = Release Filter|Win32
		{9738B023-FC46-48A2-953A-0035FD897678}.Release Filter|Win32.Build.0 = Release Filter|Win32
		{9738B023-FC46-48A2-953A-0035FD897678}.Release Filter|x64.ActiveCfg = Release Filter|x64
		{9738B023-FC46-48A2-953A-0035FD897678}.Release Filter|x64.Build.0 = Release Filter|x64
		{E8A3F6FA-AE1C-4C8E-A0B6-9C8480324EAA}.Debug Filter|Win32.ActiveCfg = Debug|Win32
		{E8A3F6FA-AE1C-4C8E-A0B6-9C8480324EAA}.Debug Filter|Win32.Build.0 = Debug|Win32
		{E8A3F6FA-AE1C-4C8E-A0B6-9C8480324EAA}.Debug Filter|x64.ActiveCfg = Debug|x64
		{E8A3F6FA-AE1C-4C8E-A0B6-9C8480324EAA}.Debug Filter|x64.Build.0 = Debug|x64
		{E8A3F6FA-AE1C-4C8E-A0B6-9C8480324EAA}.Release Filter|Win32.ActiveCfg = Release|Win32
		{E8A3F6FA-AE1C-4C8E-A0B6-9C8480324EAA}.Release Filter|Win32.Build.0 = Release|Win32
		{E8A3F6FA-AE1C-4C8E-A0B6-9C8480324EAA}.Release Filter|x64.ActiveCfg = Release|x64
		{E8A3F6FA-AE1C-4C8E-A0B6-9C8480324EAA}.Release Filter|x64.Build.0 = Release|x64
		{DB5F93B2-54D0-4474-A588-D259BE36C832}.Debug Filter|Win32.ActiveCfg = Debug|Win32
		{DB5F93B2-54D0-4474-A588-D259BE36C832}.Debug Filter|Win32.Build.0 = Debug|Win32
		{DB5F93B2-54D0-4474-A588-D259BE36C832}.Debug Filter|x64.ActiveCfg = Debug|x64
		{DB5F93B2-54D0-4474-A588-D259BE36C832}.Debug Filter|x64.Build.0 = Debug|x64
		{DB5F93B2-54D0-4474-A588-D259BE36C832}.Release Filter|Win32.ActiveCfg = Release|Win32
		{DB5F93B2-54D0-4474-A588-D259BE36C832}.Release Filter|Win32.Build.0 = Release|Win32
		{DB5F93B2-54D0-4474-A588-D259BE36C832}.Release Filter|x64.ActiveCfg = Release|x64
		{DB5F93B2-54D0-4474-A588-D259BE36C832}.Release Filter|x64.Build.0 = Release|x64
		{F50E74C2-5BE7-4C9B-B1E7-6CA19CFAD34E}.Debug Filter|Win32.ActiveCfg = Debug|Win32
		{F50E74C2-5BE7-4C9B-B1E7-6CA19CFAD34E}.Debug Filter|Win32.Build.0 = Debug|Win32
		{F50E74C2-5BE7-4C9B-B1E7-6CA19CFAD34E}.Debug Filter|x64.ActiveCfg = Debug|x64
		{F50E74C2-5BE7-4C9B-B1E7-6CA19CFAD34E}.Debug Filter|x64.Build.0 = Debug|x64
		{F50E74C2-5BE7-4C9B-B1E7-6CA19CFAD34E}.Release Filter|Win32.ActiveCfg = Release|Win32
		{F50E74C2-5BE7-4C9B-B1E7-6CA19CFAD34E}.Release Filter|Win32.Build.0 = Release|Win32
		{F50E74C2-5BE7-4C9B-B1E7-6CA19CFAD34E}.Release Filter|x64.ActiveCfg = Release|x64
		{F50E74C2-5BE7-4C9B-B1E7-6CA19CFAD34E}.Release Filter|x64.Build.0 = Release|x64
		{37768B3F-89BC-4C16-B2A8-767C5DA84C3F}.Debug Filter|Win32.ActiveCfg = Debug|Win32
		{37768B3F-89BC-4C16-B2A8-767C5DA84C3F}.Debug Filter|Win32.Build.0 = Debug|Win32
		{37768B3F-89BC-4C16-B2A8-767C5DA84C3F}.Debug Filter|x64.ActiveCfg = Debug|x64
		{37768B3F-89BC-4C16-B2A8-767C5DA84C3F}.Debug Filter|x64.Build.0 = Debug|x64
		{37768B3F-89BC-4C16-B2A8-767C5DA84C3F}.Release Filter|Win32.ActiveCfg = Release|Win32
		{37768B3F-89BC-4C16-B2A8-767C5DA84C3F}.Release Filter|Win32.Build.0 = Release|Win32
		{37768B3F-89BC-4C16-B2A8-767C5DA84C3F}.Release Filter|x64.ActiveCfg = Release|x64
		{37768B3F-89BC-4C16-B2A8-767C5DA84C3F}.Release Filter|x64.Build.0 = Release|x64
		{54DDA60F-E528-4D07-A152-960A1E818680}.Debug Filter|Win32.ActiveCfg = Debug|Win32
		{54DDA60F-E528-4D07-A152-960A1E818680}.Debug Filter|Win32.Build.0 = Debug|Win32
		{54DDA60F-E528-4D07-A152-960A1E818680}.Debug Filter|x64.ActiveCfg = Debug|x64
		{54DDA60F-E528-4D07-A152-960A1E818680}.Debug Filter|x64.Build.0 = Debug|x64
		{54DDA60F-E528-4D07-A152-960A1E818680}.Release Filter|Win32.ActiveCfg = Release|Win32
		{54DDA60F-E528-4D07-A152-960A1E818680}.Release Filter|Win32.Build.0 = Release|Win32
		{54DDA60F-E528-4D07-A152-960A1E818680}.Release Filter|x64.ActiveCfg = Release|x64
		{54DDA60F-E528-4D07-A152-960A1E818680}.Release Filter|x64.Build.0 = Release|x64
		{9DCFD02A-16A0-4766-BC18-66163E21929D}.Debug Filter|Win32.ActiveCfg = Debug Filter|Win32
		{9DCFD02A-16A0-4766-BC18-66163E21929D}.Debug Filter|Win32.Build.0 = Debug Filter|Win32
		{9DCFD02A-16A0-4766-BC18-66163E21929D}.Debug Filter|x64.ActiveCfg = Debug Filter|x64
		{9DCFD02A-16A0-4766-BC18-66163E21929D}.Debug Filter|x64.Build.0 = Debug Filter|x64
		{9DCFD02A-16A0-4766-BC18-66163E21929D}.Release Filter|Win32.ActiveCfg = Release Filter|Win32
		{9DCFD02A-16A0-4766-BC18-66163E21929D}.Release Filter|Win32.Build.0 = Release Filter|Win32
		{9DCFD02A-16A0-4766-BC18-66163E21929D}.Release Filter|x64.ActiveCfg = Release Filter|x64
		{9DCFD02A-16A0-4766-BC18-66163E21929D}.Release Filter|x64.Build.0 = Release Filter|x64
		{543D40E9-8CA6-4E4B-9936-90CBA562B268}.Debug Filter|Win32.ActiveCfg = Debug Filter|Win32
		{543D40E9-8CA6-4E4B-9936-90CBA562B268}.Debug Filter|Win32.Build.0 = Debug Filter|Win32
		{543D40E9-8CA6-4E4B-9936-90CBA562B268}.Debug Filter|x64.ActiveCfg = Debug Filter|x64
		{543D40E9-8CA6-4E4B-9936-90CBA562B268}.Debug Filter|x64.Build.0 = Debug Filter|x64
		{543D40E9-8CA6-4E4B-9936-90CBA562B268}.Release Filter|Win32.ActiveCfg = Release Filter|Win32
		{543D40E9-8CA6-4E4B-9936-90CBA562B268}.Release Filter|Win32.Build.0 = Release Filter|Win32
		{543D40E9-8CA6-4E4B-9936-90CBA562B268}.Release Filter|x64.ActiveCfg = Release Filter|x64
		{543D40E9-8CA6-4E4B-9936-90CBA562B268}.Release Filter|x64.Build.0 = Release Filter|x64
		{4D3B4FF4-535A-4201-AB7D-9AEC1E737A95}.Debug Filter|Win32.ActiveCfg = Debug Filter|Win32
		{4D3B4FF4-535A-4201-AB7D-9AEC1E737A95}.Debug Filter|Win32.Build.0 = Debug Filter|Win32
		{4D3B4FF4-535A-4201-AB7D-9AEC1E737A95}.Debug Filter|x64.ActiveCfg = Debug Filter|x64
		{4D3B4FF4-535A-4201-AB7D-9AEC1E737A95}.Debug Filter|x64.Build.0 = Debug Filter|x64
		{4D3B4FF4-535A-4201-AB7D-9AEC1E737A95}.Release Filter|Win32.ActiveCfg = Release Filter|Win32
		{4D3B4FF4-535A-4201-AB7D-9AEC1E737A95}.Release Filter|Win32.Build.0 = Release Filter|Win32
		{4D3B4FF4-535A-4201-AB7D-9AEC1E737A95}.Release Filter|x64.ActiveCfg = Release Filter|x64
		{4D3B4FF4-535A-4201-AB7D-9AEC1E737A95}.Release Filter|x64.Build.0 = Release Filter|x64
		{83CC6B88-A112-4192-BD5A-F2A249AF2277}.Debug Filter|Win32.ActiveCfg = Debug Filter|Win32
		{83CC6B88-A112-4192-BD5A-F2A249AF2277}.Debug Filter|Win32.Build.0 = Debug Filter|Win32
		{83CC6B88-A112-4192-BD5A-F2A249AF2277}.Debug Filter|x64.ActiveCfg = Debug Filter|x64
		{83CC6B88-A112-4192-BD5A-F2A249AF2277}.Release Filter|Win32.ActiveCfg = Release Filter|Win32
		{83CC6B88-A112-4192-BD5A-F2A249AF2277}.Release Filter|Win32.Build.0 = Release Filter|Win32
		{83CC6B88-A112-4192-BD5A-F2A249AF2277}.Release Filter|x64.ActiveCfg = Release Filter|x64
		{1A2DFD1A-3C6C-44D1-909D-294AF646B575}.Debug Filter|Win32.ActiveCfg = Debug|Win32
		{1A2DFD1A-3C6C-44D1-909D-294AF646B575}.Debug Filter|Win32.Build.0 = Debug|Win32
		{1A2DFD1A-3C6C-44D1-909D-294AF646B575}.Debug Filter|x64.ActiveCfg = Debug|x64
		{1A2DFD1A-3C6C-44D1-909D-294AF646B575}.Debug Filter|x64.Build.0 = Debug|x64
		{1A2DFD1A-3C6C-44D1-909D-294AF646B575}.Release Filter|Win32.ActiveCfg = Release|Win32
		{1A2DFD1A-3C6C-44D1-909D-294AF646B575}.Release Filter|Win32.Build.0 = Release|Win32
		{1A2DFD1A-3C6C-44D1-909D-294AF646B575}.Release Filter|x64.ActiveCfg = Release|x64
		{1A2DFD1A-3C6C-44D1-909D-294AF646B575}.Release Filter|x64.Build.0 = Release|x64
		{F6B06383-3FFD-403B-9867-4AA82A20AA83}.Debug Filter|Win32.ActiveCfg = Debug Filter|Win32
		{F6B06383-3FFD-403B-9867-4AA82A20AA83}.Debug Filter|Win32.Build.0 = Debug Filter|Win32
		{F6B06383-3FFD-403B-9867-4AA82A20AA83}.Debug Filter|x64.ActiveCfg = Debug Filter|x64
		{F6B06383-3FFD-403B-9867-4AA82A20AA83}.Debug Filter|x64.Build.0 = Debug Filter|x64
		{F6B06383-3FFD-403B-9867-4AA82A20AA83}.Release Filter|Win32.ActiveCfg = Release Filter|Win32
		{F6B06383-3FFD-403B-9867-4AA82A20AA83}.Release Filter|Win32.Build.0 = Release Filter|Win32
		{F6B06383-3FFD-403B-9867-4AA82A20AA83}.Release Filter|x64.ActiveCfg = Release Filter|x64
		{F6B06383-3FFD-403B-9867-4AA82A20AA83}.Release Filter|x64.Build.0 = Release Filter|x64
		{ECB1B3B7-196D-4809-A5E2-6F65CDBB6CCA}.Debug Filter|Win32.ActiveCfg = Debug Filter|Win32
		{ECB1B3B7-196D-4809-A5E2-6F65CDBB6CCA}.Debug Filter|x64.ActiveCfg = Debug Filter|x64
		{ECB1B3B7-196D-4809-A5E2-6F65CDBB6CCA}.Release Filter|Win32.ActiveCfg = Release Filter|Win32
		{ECB1B3B7-196D-4809-A5E2-6F65CDBB6CCA}.Release Filter|x64.ActiveCfg = Release Filter|x64
		{65361C7C-83D6-42E4-870C-4DC85AE641FE}.Debug Filter|Win32.ActiveCfg = Debug Filter|Win32
		{65361C7C-83D6-42E4-870C-4DC85AE641FE}.Debug Filter|Win32.Build.0 = Debug Filter|Win32
		{65361C7C-83D6-42E4-870C-4DC85AE641FE}.Debug Filter|x64.ActiveCfg = Debug Filter|x64
		{65361C7C-83D6-42E4-870C-4DC85AE641FE}.Debug Filter|x64.Build.0 = Debug Filter|x64
		{65361C7C-83D6-42E4-870C-4DC85AE641FE}.Release Filter|Win32.ActiveCfg = Release Filter|Win32
		{65361C7C-83D6-42E4-870C-4DC85AE641FE}.Release Filter|Win32.Build.0 = Release Filter|Win32
		{65361C7C-83D6-42E4-870C-4DC85AE641FE}.Release Filter|x64.ActiveCfg = Release Filter|x64
		{65361C7C-83D6-42E4-870C-4DC85AE641FE}.Release Filter|x64.Build.0 = Release Filter|x64
		{1E91F58C-0BAE-4021-8087-D1864D8EC066}.Debug Filter|Win32.ActiveCfg = Debug Filter|Win32
		{1E91F58C-0BAE-4021-8087-D1864D8EC066}.Debug Filter|Win32.Build.0 = Debug Filter|Win32
		{1E91F58C-0BAE-4021-8087-D1864D8EC066}.Debug Filter|x64.ActiveCfg = Debug Filter|x64
		{1E91F58C-0BAE-4021-8087-D1864D8EC066}.Debug Filter|x64.Build.0 = Debug Filter|x64
		{1E91F58C-0BAE-4021-8087-D1864D8EC066}.Release Filter|Win32.ActiveCfg = Release Filter|Win32
		{1E91F58C-0BAE-4021-8087-D1864D8EC066}.Release Filter|Win32.Build.0 = Release Filter|Win32
		{1E91F58C-0BAE-4021-8087-D1864D8EC066}.Release Filter|x64.ActiveCfg = Release Filter|x64
		{1E91F58C-0BAE-4021-8087-D1864D8EC066}.Release Filter|x64.Build.0 = Release Filter|x64
		{FC70988B-1AE5-4381-866D-4F405E28AC42}.Debug Filter|Win32.ActiveCfg = Debug|Win32
		{FC70988B-1AE5-4381-866D-4F405E28AC42}.Debug Filter|Win32.Build.0 = Debug|Win32
		{FC70988B-1AE5-4381-866D-4F405E28AC42}.Debug Filter|x64.ActiveCfg = Debug|x64
		{FC70988B-1AE5-4381-866D-4F405E28AC42}.Debug Filter|x64.Build.0 = Debug|x64
		{FC70988B-1AE5-4381-866D-4F405E28AC42}.Release Filter|Win32.ActiveCfg = Release|Win32
		{FC70988B-1AE5-4381-866D-4F405E28AC42}.Release Filter|Win32.Build.0 = Release|Win32
		{FC70988B-1AE5-4381-866D-4F405E28AC42}.Release Filter|x64.ActiveCfg = Release|x64
		{FC70988B-1AE5-4381-866D-4F405E28AC42}.Release Filter|x64.Build.0 = Release|x64
		{30D48874-899F-41C6-9B26-A40C96C91102}.Debug Filter|Win32.ActiveCfg = Debug Filter|Win32
		{30D48874-899F-41C6-9B26-A40C96C91102}.Debug Filter|Win32.Build.0 = Debug Filter|Win32
		{30D48874-899F-41C6-9B26-A40C96C91102}.Debug Filter|x64.ActiveCfg = Debug Filter|x64
		{30D48874-899F-41C6-9B26-A40C96C91102}.Debug Filter|x64.Build.0 = Debug Filter|x64
		{30D48874-899F-41C6-9B26-A40C96C91102}.Release Filter|Win32.ActiveCfg = Release Filter|Win32
		{30D48874-899F-41C6-9B26-A40C96C91102}.Release Filter|Win32.Build.0 = Release Filter|Win32
		{30D48874-899F-41C6-9B26-A40C96C91102}.Release Filter|x64.ActiveCfg = Release Filter|x64
		{30D48874-899F-41C6-9B26-A40C96C91102}.Release Filter|x64.Build.0 = Release Filter|x64
		{273B3149-3192-4B75-A791-470320B90812}.Debug Filter|Win32.ActiveCfg = Debug|Win32
		{273B3149-3192-4B75-A791-470320B90812}.Debug Filter|Win32.Build.0 = Debug|Win32
		{273B3149-3192-4B75-A791-470320B90812}.Debug Filter|x64.ActiveCfg = Debug|x64
		{273B3149-3192-4B75-A791-470320B90812}.Debug Filter|x64.Build.0 = Debug|x64
		{273B3149-3192-4B75-A791-470320B90812}.Release Filter|Win32.ActiveCfg = Release|Win32
		{273B3149-3192-4B75-A791-470320B90812}.Release Filter|Win32.Build.0 = Release|Win32
		{273B3149-3192-4B75-A791-470320B90812}.Release Filter|x64.ActiveCfg = Release|x64
		{273B3149-3192-4B75-A791-470320B90812}.Release Filter|x64.Build.0 = Release|x64
		{916D0FC1-1D86-487A-82DE-37FBEE43FB34}.Debug Filter|Win32.ActiveCfg = Debug Filter|Win32
		{916D0FC1-1D86-487A-82DE-37FBEE43FB34}.Debug Filter|Win32.Build.0 = Debug Filter|Win32
		{916D0FC1-1D86-487A-82DE-37FBEE43FB34}.Debug Filter|x64.ActiveCfg = Debug Filter|x64
		{916D0FC1-1D86-487A-82DE-37FBEE43FB34}.Debug Filter|x64.Build.0 = Debug Filter|x64
		{916D0FC1-1D86-487A-82DE-37FBEE43FB34}.Release Filter|Win32.ActiveCfg = Release Filter|Win32
		{916D0FC1-1D86-487A-82DE-37FBEE43FB34}.Release Filter|Win32.Build.0 = Release Filter|Win32
		{916D0FC1-1D86-487A-82DE-37FBEE43FB34}.Release Filter|x64.ActiveCfg = Release Filter|x64
		{916D0FC1-1D86-487A-82DE-37FBEE43FB34}.Release Filter|x64.Build.0 = Release Filter|x64
		{431DD5B6-3F2F-47EE-A23F-514BC044B704}.Debug Filter|Win32.ActiveCfg = Debug Filter|Win32
		{431DD5B6-3F2F-47EE-A23F-514BC044B704}.Debug Filter|Win32.Build.0 = Debug Filter|Win32
		{431DD5B6-3F2F-47EE-A23F-514BC044B704}.Debug Filter|x64.ActiveCfg = Debug Filter|x64
		{431DD5B6-3F2F-47EE-A23F-514BC044B704}.Debug Filter|x64.Build.0 = Debug Filter|x64
		{431DD5B6-3F2F-47EE-A23F-514BC044B704}.Release Filter|Win32.ActiveCfg = Release Filter|Win32
		{431DD5B6-3F2F-47EE-A23F-514BC044B704}.Release Filter|Win32.Build.0 = Release Filter|Win32
		{431DD5B6-3F2F-47EE-A23F-514BC044B704}.Release Filter|x64.ActiveCfg = Release Filter|x64
		{431DD5B6-3F2F-47EE-A23F-514BC044B704}.Release Filter|x64.Build.0 = Release Filter|x64
		{E62223EF-8263-41EB-8174-CD78BBEEF368}.Debug Filter|Win32.ActiveCfg = Debug Filter|Win32
		{E62223EF-8263-41EB-8174-CD78BBEEF368}.Debug Filter|Win32.Build.0 = Debug Filter|Win32
		{E62223EF-8263-41EB-8174-CD78BBEEF368}.Debug Filter|x64.ActiveCfg = Debug Filter|x64
		{E62223EF-8263-41EB-8174-CD78BBEEF368}.Debug Filter|x64.Build.0 = Debug Filter|x64
		{E62223EF-8263-41EB-8174-CD78BBEEF368}.Release Filter|Win32.ActiveCfg = Release Filter|Win32
		{E62223EF-8263-41EB-8174-CD78BBEEF368}.Release Filter|Win32.Build.0 = Release Filter|Win32
		{E62223EF-8263-41EB-8174-CD78BBEEF368}.Release Filter|x64.ActiveCfg = Release Filter|x64
		{E62223EF-8263-41EB-8174-CD78BBEEF368}.Release Filter|x64.Build.0 = Release Filter|x64
		{62FE6D94-E17C-4A8E-8D3C-7A589A70D865}.Debug Filter|Win32.ActiveCfg = Debug|Win32
		{62FE6D94-E17C-4A8E-8D3C-7A589A70D865}.Debug Filter|Win32.Build.0 = Debug|Win32
		{62FE6D94-E17C-4A8E-8D3C-7A589A70D865}.Debug Filter|x64.ActiveCfg = Debug|x64
		{62FE6D94-E17C-4A8E-8D3C-7A589A70D865}.Debug Filter|x64.Build.0 = Debug|x64
		{62FE6D94-E17C-4A8E-8D3C-7A589A70D865}.Release Filter|Win32.ActiveCfg = Release|Win32
		{62FE6D94-E17C-4A8E-8D3C-7A589A70D865}.Release Filter|Win32.Build.0 = Release|Win32
		{62FE6D94-E17C-4A8E-8D3C-7A589A70D865}.Release Filter|x64.ActiveCfg = Release|x64
		{62FE6D94-E17C-4A8E-8D3C-7A589A70D865}.Release Filter|x64.Build.0 = Release|x64
		{5CAF881C-9349-4EE2-9697-982C10795033}.Debug Filter|Win32.ActiveCfg = Debug|Win32
		{5CAF881C-9349-4EE2-9697-982C10795033}.Debug Filter|Win32.Build.0 = Debug|Win32
		{5CAF881C-9349-4EE2-9697-982C10795033}.Debug Filter|x64.ActiveCfg = Debug|x64
		{5CAF881C-9349-4EE2-9697-982C10795033}.Debug Filter|x64.Build.0 = Debug|x64
		{5CAF881C-9349-4EE2-9697-982C10795033}.Release Filter|Win32.ActiveCfg = Release|Win32
		{5CAF881C-9349-4EE2-9697-982C10795033}.Release Filter|x64.ActiveCfg = Release|x64
		{438286B7-A9F4-411D-BCC5-948C40E37D8F}.Debug Filter|Win32.ActiveCfg = Debug|Win32
		{438286B7-A9F4-411D-BCC5-948C40E37D8F}.Debug Filter|x64.ActiveCfg = Debug|x64
		{438286B7-A9F4-411D-BCC5-948C40E37D8F}.Release Filter|Win32.ActiveCfg = Release|Win32
		{438286B7-A9F4-411D-BCC5-948C40E37D8F}.Release Filter|Win32.Build.0 = Release|Win32
		{438286B7-A9F4-411D-BCC5-948C40E37D8F}.Release Filter|x64.ActiveCfg = Release|x64
		{438286B7-A9F4-411D-BCC5-948C40E37D8F}.Release Filter|x64.Build.0 = Release|x64
		{FAE14DBE-B508-4AB3-929D-75C68E4EBBC1}.Debug Filter|Win32.ActiveCfg = Debug|Win32
		{FAE14DBE-B508-4AB3-929D-75C68E4EBBC1}.Debug Filter|Win32.Build.0 = Debug|Win32
		{FAE14DBE-B508-4AB3-929D-75C68E4EBBC1}.Debug Filter|x64.ActiveCfg = Debug|x64
		{FAE14DBE-B508-4AB3-929D-75C68E4EBBC1}.Debug Filter|x64.Build.0 = Debug|x64
		{FAE14DBE-B508-4AB3-929D-75C68E4EBBC1}.Release Filter|Win32.ActiveCfg = Release|Win32
		{FAE14DBE-B508-4AB3-929D-75C68E4EBBC1}.Release Filter|Win32.Build.0 = Release|Win32
		{FAE14DBE-B508-4AB3-929D-75C68E4EBBC1}.Release Filter|x64.ActiveCfg = Release|x64
		{FAE14DBE-B508-4AB3-929D-75C68E4EBBC1}.Release Filter|x64.Build.0 = Release|x64
		{12BE3440-A1F3-4C48-A229-30CB619EA276}.Debug Filter|Win32.ActiveCfg = Debug|Win32
		{12BE3440-A1F3-4C48-A229-30CB619EA276}.Debug Filter|x64.ActiveCfg = Debug|x64
		{12BE3440-A1F3-4C48-A229-30CB619EA276}.Release Filter|Win32.ActiveCfg = Release|Win32
		{12BE3440-A1F3-4C48-A229-30CB619EA276}.Release Filter|x64.ActiveCfg = Release|x64
		{5EFCFACB-1835-422C-ACDA-E3B3A2F51387}.Debug Filter|Win32.ActiveCfg = Debug|Win32
		{5EFCFACB-1835-422C-ACDA-E3B3A2F51387}.Debug Filter|Win32.Build.0 = Debug|Win32
		{5EFCFACB-1835-422C-ACDA-E3B3A2F51387}.Debug Filter|x64.ActiveCfg = Debug|x64
		{5EFCFACB-1835-422C-ACDA-E3B3A2F51387}.Debug Filter|x64.Build.0 = Debug|x64
		{5EFCFACB-1835-422C-ACDA-E3B3A2F51387}.Release Filter|Win32.ActiveCfg = Release|Win32
		{5EFCFACB-1835-422C-ACDA-E3B3A2F51387}.Release Filter|Win32.Build.0 = Release|Win32
		{5EFCFACB-1835-422C-ACDA-E3B3A2F51387}.Release Filter|x64.ActiveCfg = Release|x64
		{5EFCFACB-1835-422C-ACDA-E3B3A2F51387}.Release Filter|x64.Build.0 = Release|x64
		{4CEFBC84-C215-11DB-8314-0800200C9A66}.Debug Filter|Win32.ActiveCfg = Debug|Win32
		{4CEFBC84-C215-11DB-8314-0800200C9A66}.Debug Filter|Win32.Build.0 = Debug|Win32
		{4CEFBC84-C215-11DB-8314-0800200C9A66}.Debug Filter|x64.ActiveCfg = Debug|x64
		{4CEFBC84-C215-11DB-8314-0800200C9A66}.Debug Filter|x64.Build.0 = Debug|x64
		{4CEFBC84-C215-11DB-8314-0800200C9A66}.Release Filter|Win32.ActiveCfg = Release|Win32
		{4CEFBC84-C215-11DB-8314-0800200C9A66}.Release Filter|Win32.Build.0 = Release|Win32
		{4CEFBC84-C215-11DB-8314-0800200C9A66}.Release Filter|x64.ActiveCfg = Release|x64
		{4CEFBC84-C215-11DB-8314-0800200C9A66}.Release Filter|x64.Build.0 = Release|x64
		{D8365C15-2166-4DB6-8A2D-1C8F0239EB18}.Debug Filter|Win32.ActiveCfg = Debug|Win32
		{D8365C15-2166-4DB6-8A2D-1C8F0239EB18}.Debug Filter|Win32.Build.0 = Debug|Win32
		{D8365C15-2166-4DB6-8A2D-1C8F0239EB18}.Debug Filter|x64.ActiveCfg = Debug|x64
		{D8365C15-2166-4DB6-8A2D-1C8F0239EB18}.Debug Filter|x64.Build.0 = Debug|x64
		{D8365C15-2166-4DB6-8A2D-1C8F0239EB18}.Release Filter|Win32.ActiveCfg = Release|Win32
		{D8365C15-2166-4DB6-8A2D-1C8F0239EB18}.Release Filter|Win32.Build.0 = Release|Win32
		{D8365C15-2166-4DB6-8A2D-1C8F0239EB18}.Release Filter|x64.ActiveCfg = Release|x64
		{D8365C15-2166-4DB6-8A2D-1C8F0239EB18}.Release Filter|x64.Build.0 = Release|x64
		{DD9D2D92-2241-408A-859E-B85D444B7E3C}.Debug Filter|Win32.ActiveCfg = Debug|Win32
		{DD9D2D92-2241-408A-859E-B85D444B7E3C}.Debug Filter|Win32.Build.0 = Debug|Win32
		{DD9D2D92-2241-408A-859E-B85D444B7E3C}.Debug Filter|x64.ActiveCfg = Debug|x64
		{DD9D2D92-2241-408A-859E-B85D444B7E3C}.Debug Filter|x64.Build.0 = Debug|x64
		{DD9D2D92-2241-408A-859E-B85D444B7E3C}.Release Filter|Win32.ActiveCfg = Release|Win32
		{DD9D2D92-2241-408A-859E-B85D444B7E3C}.Release Filter|Win32.Build.0 = Release|Win32
		{DD9D2D92-2241-408A-859E-B85D444B7E3C}.Release Filter|x64.ActiveCfg = Release|x64
		{DD9D2D92-2241-408A-859E-B85D444B7E3C}.Release Filter|x64.Build.0 = Release|x64
		{A7134255-DFF3-42F7-9BC2-FAC6E71CFFAE}.Debug Filter|Win32.ActiveCfg = Debug|Win32
		{A7134255-DFF3-42F7-9BC2-FAC6E71CFFAE}.Debug Filter|Win32.Build.0 = Debug|Win32
		{A7134255-DFF3-42F7-9BC2-FAC6E71CFFAE}.Debug Filter|x64.ActiveCfg = Debug|x64
		{A7134255-DFF3-42F7-9BC2-FAC6E71CFFAE}.Debug Filter|x64.Build.0 = Debug|x64
		{A7134255-DFF3-42F7-9BC2-FAC6E71CFFAE}.Release Filter|Win32.ActiveCfg = Release|Win32
		{A7134255-DFF3-42F7-9BC2-FAC6E71CFFAE}.Release Filter|Win32.Build.0 = Release|Win32
		{A7134255-DFF3-42F7-9BC2-FAC6E71CFFAE}.Release Filter|x64.ActiveCfg = Release|x64
		{A7134255-DFF3-42F7-9BC2-FAC6E71CFFAE}.Release Filter|x64.Build.0 = Release|x64
		{67827491-8162-4039-9132-F934ABC836A0}.Debug Filter|Win32.ActiveCfg = Debug Filter|Win32
		{67827491-8162-4039-9132-F934ABC836A0}.Debug Filter|Win32.Build.0 = Debug Filter|Win32
		{67827491-8162-4039-9132-F934ABC836A0}.Debug Filter|x64.ActiveCfg = Debug Filter|x64
		{67827491-8162-4039-9132-F934ABC836A0}.Debug Filter|x64.Build.0 = Debug Filter|x64
		{67827491-8162-4039-9132-F934ABC836A0}.Release Filter|Win32.ActiveCfg = Release Filter|Win32
		{67827491-8162-4039-9132-F934ABC836A0}.Release Filter|Win32.Build.0 = Release Filter|Win32
		{67827491-8162-4039-9132-F934ABC836A0}.Release Filter|x64.ActiveCfg = Release Filter|x64
		{67827491-8162-4039-9132-F934ABC836A0}.Release Filter|x64.Build.0 = Release Filter|x64
		{3F5EA225-F4B7-4413-AEB3-4E4E5751E438}.Debug Filter|Win32.ActiveCfg = Debug Filter|Win32
		{3F5EA225-F4B7-4413-AEB3-4E4E5751E438}.Debug Filter|Win32.Build.0 = Debug Filter|Win32
		{3F5EA225-F4B7-4413-AEB3-4E4E5751E438}.Debug Filter|x64.ActiveCfg = Debug Filter|x64
		{3F5EA225-F4B7-4413-AEB3-4E4E5751E438}.Debug Filter|x64.Build.0 = Debug Filter|x64
		{3F5EA225-F4B7-4413-AEB3-4E4E5751E438}.Release Filter|Win32.ActiveCfg = Release Filter|Win32
		{3F5EA225-F4B7-4413-AEB3-4E4E5751E438}.Release Filter|Win32.Build.0 = Release Filter|Win32
		{3F5EA225-F4B7-4413-AEB3-4E4E5751E438}.Release Filter|x64.ActiveCfg = Release Filter|x64
		{3F5EA225-F4B7-4413-AEB3-4E4E5751E438}.Release Filter|x64.Build.0 = Release Filter|x64
		{9ED4B036-7399-4128-868D-6E71188E0277}.Debug Filter|Win32.ActiveCfg = Debug Filter|Win32
		{9ED4B036-7399-4128-868D-6E71188E0277}.Debug Filter|Win32.Build.0 = Debug Filter|Win32
		{9ED4B036-7399-4128-868D-6E71188E0277}.Debug Filter|x64.ActiveCfg = Debug Filter|x64
		{9ED4B036-7399-4128-868D-6E71188E0277}.Debug Filter|x64.Build.0 = Debug Filter|x64
		{9ED4B036-7399-4128-868D-6E71188E0277}.Release Filter|Win32.ActiveCfg = Release Filter|Win32
		{9ED4B036-7399-4128-868D-6E71188E0277}.Release Filter|Win32.Build.0 = Release Filter|Win32
		{9ED4B036-7399-4128-868D-6E71188E0277}.Release Filter|x64.ActiveCfg = Release Filter|x64
		{9ED4B036-7399-4128-868D-6E71188E0277}.Release Filter|x64.Build.0 = Release Filter|x64
		{4421516D-10A6-41C1-ADF3-099573BBB0C6}.Debug Filter|Win32.ActiveCfg = Debug Filter|Win32
		{4421516D-10A6-41C1-ADF3-099573BBB0C6}.Debug Filter|Win32.Build.0 = Debug Filter|Win32
		{4421516D-10A6-41C1-ADF3-099573BBB0C6}.Debug Filter|x64.ActiveCfg = Debug Filter|x64
		{4421516D-10A6-41C1-ADF3-099573BBB0C6}.Debug Filter|x64.Build.0 = Debug Filter|x64
		{4421516D-10A6-41C1-ADF3-099573BBB0C6}.Release Filter|Win32.ActiveCfg = Release Filter|Win32
		{4421516D-10A6-41C1-ADF3-099573BBB0C6}.Release Filter|Win32.Build.0 = Release Filter|Win32
		{4421516D-10A6-41C1-ADF3-099573BBB0C6}.Release Filter|x64.ActiveCfg = Release Filter|x64
		{4421516D-10A6-41C1-ADF3-099573BBB0C6}.Release Filter|x64.Build.0 = Release Filter|x64
		{C0F7A036-FC2D-40DF-9852-C37518DB6B3E}.Debug Filter|Win32.ActiveCfg = Debug Filter|Win32
		{C0F7A036-FC2D-40DF-9852-C37518DB6B3E}.Debug Filter|Win32.Build.0 = Debug Filter|Win32
		{C0F7A036-FC2D-40DF-9852-C37518DB6B3E}.Debug Filter|x64.ActiveCfg = Debug Filter|x64
		{C0F7A036-FC2D-40DF-9852-C37518DB6B3E}.Debug Filter|x64.Build.0 = Debug Filter|x64
		{C0F7A036-FC2D-40DF-9852-C37518DB6B3E}.Release Filter|Win32.ActiveCfg = Release Filter|Win32
		{C0F7A036-FC2D-40DF-9852-C37518DB6B3E}.Release Filter|Win32.Build.0 = Release Filter|Win32
		{C0F7A036-FC2D-40DF-9852-C37518DB6B3E}.Release Filter|x64.ActiveCfg = Release Filter|x64
		{C0F7A036-FC2D-40DF-9852-C37518DB6B3E}.Release Filter|x64.Build.0 = Release Filter|x64
		{D0620EF4-1313-40D5-9069-A82F6FE26994}.Debug Filter|Win32.ActiveCfg = Debug Filter|Win32
		{D0620EF4-1313-40D5-9069-A82F6FE26994}.Debug Filter|Win32.Build.0 = Debug Filter|Win32
		{D0620EF4-1313-40D5-9069-A82F6FE26994}.Debug Filter|x64.ActiveCfg = Debug Filter|x64
		{D0620EF4-1313-40D5-9069-A82F6FE26994}.Debug Filter|x64.Build.0 = Debug Filter|x64
		{D0620EF4-1313-40D5-9069-A82F6FE26994}.Release Filter|Win32.ActiveCfg = Release Filter|Win32
		{D0620EF4-1313-40D5-9069-A82F6FE26994}.Release Filter|Win32.Build.0 = Release Filter|Win32
		{D0620EF4-1313-40D5-9069-A82F6FE26994}.Release Filter|x64.ActiveCfg = Release Filter|x64
		{D0620EF4-1313-40D5-9069-A82F6FE26994}.Release Filter|x64.Build.0 = Release Filter|x64
		{58E36BF5-4A06-47E4-BD40-4CCEF8C634DF}.Debug Filter|Win32.ActiveCfg = Debug Filter|Win32
		{58E36BF5-4A06-47E4-BD40-4CCEF8C634DF}.Debug Filter|Win32.Build.0 = Debug Filter|Win32
		{58E36BF5-4A06-47E4-BD40-4CCEF8C634DF}.Debug Filter|x64.ActiveCfg = Debug Filter|x64
		{58E36BF5-4A06-47E4-BD40-4CCEF8C634DF}.Debug Filter|x64.Build.0 = Debug Filter|x64
		{58E36BF5-4A06-47E4-BD40-4CCEF8C634DF}.Release Filter|Win32.ActiveCfg = Release Filter|Win32
		{58E36BF5-4A06-47E4-BD40-4CCEF8C634DF}.Release Filter|Win32.Build.0 = Release Filter|Win32
		{58E36BF5-4A06-47E4-BD40-4CCEF8C634DF}.Release Filter|x64.ActiveCfg = Release Filter|x64
		{58E36BF5-4A06-47E4-BD40-4CCEF8C634DF}.Release Filter|x64.Build.0 = Release Filter|x64
		{305BAB2D-0D75-4FBC-8BCD-A2917392B48C}.Debug Filter|Win32.ActiveCfg = Debug Filter|Win32
		{305BAB2D-0D75-4FBC-8BCD-A2917392B48C}.Debug Filter|Win32.Build.0 = Debug Filter|Win32
		{305BAB2D-0D75-4FBC-8BCD-A2917392B48C}.Debug Filter|x64.ActiveCfg = Debug Filter|x64
		{305BAB2D-0D75-4FBC-8BCD-A2917392B48C}.Release Filter|Win32.ActiveCfg = Release Filter|Win32
		{305BAB2D-0D75-4FBC-8BCD-A2917392B48C}.Release Filter|Win32.Build.0 = Release Filter|Win32
		{305BAB2D-0D75-4FBC-8BCD-A2917392B48C}.Release Filter|x64.ActiveCfg = Release Filter|x64
		{4628C665-EDE4-40D2-B525-32BE8B8551C8}.Debug Filter|Win32.ActiveCfg = Debug Filter|Win32
		{4628C665-EDE4-40D2-B525-32BE8B8551C8}.Debug Filter|Win32.Build.0 = Debug Filter|Win32
		{4628C665-EDE4-40D2-B525-32BE8B8551C8}.Debug Filter|x64.ActiveCfg = Debug Filter|x64
		{4628C665-EDE4-40D2-B525-32BE8B8551C8}.Debug Filter|x64.Build.0 = Debug Filter|x64
		{4628C665-EDE4-40D2-B525-32BE8B8551C8}.Release Filter|Win32.ActiveCfg = Release Filter|Win32
		{4628C665-EDE4-40D2-B525-32BE8B8551C8}.Release Filter|Win32.Build.0 = Release Filter|Win32
		{4628C665-EDE4-40D2-B525-32BE8B8551C8}.Release Filter|x64.ActiveCfg = Release Filter|x64
		{4628C665-EDE4-40D2-B525-32BE8B8551C8}.Release Filter|x64.Build.0 = Release Filter|x64
		{E776D3C2-5BFA-41B9-B998-A35B549AF737}.Debug Filter|Win32.ActiveCfg = Debug Filter|Win32
		{E776D3C2-5BFA-41B9-B998-A35B549AF737}.Debug Filter|Win32.Build.0 = Debug Filter|Win32
		{E776D3C2-5BFA-41B9-B998-A35B549AF737}.Debug Filter|x64.ActiveCfg = Debug Filter|x64
		{E776D3C2-5BFA-41B9-B998-A35B549AF737}.Debug Filter|x64.Build.0 = Debug Filter|x64
		{E776D3C2-5BFA-41B9-B998-A35B549AF737}.Release Filter|Win32.ActiveCfg = Release Filter|Win32
		{E776D3C2-5BFA-41B9-B998-A35B549AF737}.Release Filter|Win32.Build.0 = Release Filter|Win32
		{E776D3C2-5BFA-41B9-B998-A35B549AF737}.Release Filter|x64.ActiveCfg = Release Filter|x64
		{E776D3C2-5BFA-41B9-B998-A35B549AF737}.Release Filter|x64.Build.0 = Release Filter|x64
		{7FE0A205-3F39-4AC3-BC3C-C2D9E4D02475}.Debug Filter|Win32.ActiveCfg = Debug Filter|Win32
		{7FE0A205-3F39-4AC3-BC3C-C2D9E4D02475}.Debug Filter|Win32.Build.0 = Debug Filter|Win32
		{7FE0A205-3F39-4AC3-BC3C-C2D9E4D02475}.Debug Filter|x64.ActiveCfg = Debug Filter|x64
		{7FE0A205-3F39-4AC3-BC3C-C2D9E4D02475}.Debug Filter|x64.Build.0 = Debug Filter|x64
		{7FE0A205-3F39-4AC3-BC3C-C2D9E4D02475}.Release Filter|Win32.ActiveCfg = Release Filter|Win32
		{7FE0A205-3F39-4AC3-BC3C-C2D9E4D02475}.Release Filter|Win32.Build.0 = Release Filter|Win32
		{7FE0A205-3F39-4AC3-BC3C-C2D9E4D02475}.Release Filter|x64.ActiveCfg = Release Filter|x64
		{7FE0A205-3F39-4AC3-BC3C-C2D9E4D02475}.Release Filter|x64.Build.0 = Release Filter|x64
		{53CF9195-19DB-457D-8F55-8DB1706DFA84}.Debug Filter|Win32.ActiveCfg = Debug Filter|Win32
		{53CF9195-19DB-457D-8F55-8DB1706DFA84}.Debug Filter|Win32.Build.0 = Debug Filter|Win32
		{53CF9195-19DB-457D-8F55-8DB1706DFA84}.Debug Filter|x64.ActiveCfg = Debug Filter|x64
		{53CF9195-19DB-457D-8F55-8DB1706DFA84}.Debug Filter|x64.Build.0 = Debug Filter|x64
		{53CF9195-19DB-457D-8F55-8DB1706DFA84}.Release Filter|Win32.ActiveCfg = Release Filter|Win32
		{53CF9195-19DB-457D-8F55-8DB1706DFA84}.Release Filter|Win32.Build.0 = Release Filter|Win32
		{53CF9195-19DB-457D-8F55-8DB1706DFA84}.Release Filter|x64.ActiveCfg = Release Filter|x64
		{53CF9195-19DB-457D-8F55-8DB1706DFA84}.Release Filter|x64.Build.0 = Release Filter|x64
		{23E1898F-8262-435C-8848-D4D8824E6D71}.Debug Filter|Win32.ActiveCfg = Debug Filter|Win32
		{23E1898F-8262-435C-8848-D4D8824E6D71}.Debug Filter|Win32.Build.0 = Debug Filter|Win32
		{23E1898F-8262-435C-8848-D4D8824E6D71}.Debug Filter|x64.ActiveCfg = Debug Filter|x64
		{23E1898F-8262-435C-8848-D4D8824E6D71}.Debug Filter|x64.Build.0 = Debug Filter|x64
		{23E1898F-8262-435C-8848-D4D8824E6D71}.Release Filter|Win32.ActiveCfg = Release Filter|Win32
		{23E1898F-8262-435C-8848-D4D8824E6D71}.Release Filter|Win32.Build.0 = Release Filter|Win32
		{23E1898F-8262-435C-8848-D4D8824E6D71}.Release Filter|x64.ActiveCfg = Release Filter|x64
		{23E1898F-8262-435C-8848-D4D8824E6D71}.Release Filter|x64.Build.0 = Release Filter|x64
		{42B599D7-BB84-481F-A42A-2DBE0E2E2D7E}.Debug Filter|Win32.ActiveCfg = Debug Filter|Win32
		{42B599D7-BB84-481F-A42A-2DBE0E2E2D7E}.Debug Filter|Win32.Build.0 = Debug Filter|Win32
		{42B599D7-BB84-481F-A42A-2DBE0E2E2D7E}.Debug Filter|x64.ActiveCfg = Debug Filter|x64
		{42B599D7-BB84-481F-A42A-2DBE0E2E2D7E}.Debug Filter|x64.Build.0 = Debug Filter|x64
		{42B599D7-BB84-481F-A42A-2DBE0E2E2D7E}.Release Filter|Win32.ActiveCfg = Release Filter|Win32
		{42B599D7-BB84-481F-A42A-2DBE0E2E2D7E}.Release Filter|Win32.Build.0 = Release Filter|Win32
		{42B599D7-BB84-481F-A42A-2DBE0E2E2D7E}.Release Filter|x64.ActiveCfg = Release Filter|x64
		{42B599D7-BB84-481F-A42A-2DBE0E2E2D7E}.Release Filter|x64.Build.0 = Release Filter|x64
		{CC07B80F-D44F-41A9-9E37-5F2B47B46EDC}.Debug Filter|Win32.ActiveCfg = Debug Filter|Win32
		{CC07B80F-D44F-41A9-9E37-5F2B47B46EDC}.Debug Filter|Win32.Build.0 = Debug Filter|Win32
		{CC07B80F-D44F-41A9-9E37-5F2B47B46EDC}.Debug Filter|x64.ActiveCfg = Debug Filter|x64
		{CC07B80F-D44F-41A9-9E37-5F2B47B46EDC}.Debug Filter|x64.Build.0 = Debug Filter|x64
		{CC07B80F-D44F-41A9-9E37-5F2B47B46EDC}.Release Filter|Win32.ActiveCfg = Release Filter|Win32
		{CC07B80F-D44F-41A9-9E37-5F2B47B46EDC}.Release Filter|Win32.Build.0 = Release Filter|Win32
		{CC07B80F-D44F-41A9-9E37-5F2B47B46EDC}.Release Filter|x64.ActiveCfg = Release Filter|x64
		{CC07B80F-D44F-41A9-9E37-5F2B47B46EDC}.Release Filter|x64.Build.0 = Release Filter|x64
		{AE399B7E-2B2C-4A96-9016-C5C74B0A2FA0}.Debug Filter|Win32.ActiveCfg = Debug Filter|Win32
		{AE399B7E-2B2C-4A96-9016-C5C74B0A2FA0}.Debug Filter|Win32.Build.0 = Debug Filter|Win32
		{AE399B7E-2B2C-4A96-9016-C5C74B0A2FA0}.Debug Filter|x64.ActiveCfg = Debug Filter|x64
		{AE399B7E-2B2C-4A96-9016-C5C74B0A2FA0}.Debug Filter|x64.Build.0 = Debug Filter|x64
		{AE399B7E-2B2C-4A96-9016-C5C74B0A2FA0}.Release Filter|Win32.ActiveCfg = Release Filter|Win32
		{AE399B7E-2B2C-4A96-9016-C5C74B0A2FA0}.Release Filter|Win32.Build.0 = Release Filter|Win32
		{AE399B7E-2B2C-4A96-9016-C5C74B0A2FA0}.Release Filter|x64.ActiveCfg = Release Filter|x64
		{AE399B7E-2B2C-4A96-9016-C5C74B0A2FA0}.Release Filter|x64.Build.0 = Release Filter|x64
		{D514EA4D-EAFB-47A9-A437-A582CA571251}.Debug Filter|Win32.ActiveCfg = Debug|Win32
		{D514EA4D-EAFB-47A9-A437-A582CA571251}.Debug Filter|Win32.Build.0 = Debug|Win32
		{D514EA4D-EAFB-47A9-A437-A582CA571251}.Debug Filter|x64.ActiveCfg = Debug|x64
		{D514EA4D-EAFB-47A9-A437-A582CA571251}.Debug Filter|x64.Build.0 = Debug|x64
		{D514EA4D-EAFB-47A9-A437-A582CA571251}.Release Filter|Win32.ActiveCfg = Release|Win32
		{D514EA4D-EAFB-47A9-A437-A582CA571251}.Release Filter|Win32.Build.0 = Release|Win32
		{D514EA4D-EAFB-47A9-A437-A582CA571251}.Release Filter|x64.ActiveCfg = Release|x64
		{D514EA4D-EAFB-47A9-A437-A582CA571251}.Release Filter|x64.Build.0 = Release|x64
		{5E56335F-0FB1-4EEA-B240-D8DC5E0608E4}.Debug Filter|Win32.ActiveCfg = Debug|Win32
		{5E56335F-0FB1-4EEA-B240-D8DC5E0608E4}.Debug Filter|Win32.Build.0 = Debug|Win32
		{5E56335F-0FB1-4EEA-B240-D8DC5E0608E4}.Debug Filter|x64.ActiveCfg = Debug|x64
		{5E56335F-0FB1-4EEA-B240-D8DC5E0608E4}.Debug Filter|x64.Build.0 = Debug|x64
		{5E56335F-0FB1-4EEA-B240-D8DC5E0608E4}.Release Filter|Win32.ActiveCfg = Release|Win32
		{5E56335F-0FB1-4EEA-B240-D8DC5E0608E4}.Release Filter|Win32.Build.0 = Release|Win32
		{5E56335F-0FB1-4EEA-B240-D8DC5E0608E4}.Release Filter|x64.ActiveCfg = Release|x64
		{5E56335F-0FB1-4EEA-B240-D8DC5E0608E4}.Release Filter|x64.Build.0 = Release|x64
		{8F998497-9C51-4FAA-83E4-1D85B22CBA13}.Debug Filter|Win32.ActiveCfg = Debug Filter|Win32
		{8F998497-9C51-4FAA-83E4-1D85B22CBA13}.Debug Filter|Win32.Build.0 = Debug Filter|Win32
		{8F998497-9C51-4FAA-83E4-1D85B22CBA13}.Debug Filter|x64.ActiveCfg = Debug Filter|x64
		{8F998497-9C51-4FAA-83E4-1D85B22CBA13}.Debug Filter|x64.Build.0 = Debug Filter|x64
		{8F998497-9C51-4FAA-83E4-1D85B22CBA13}.Release Filter|Win32.ActiveCfg = Release Filter|Win32
		{8F998497-9C51-4FAA-83E4-1D85B22CBA13}.Release Filter|Win32.Build.0 = Release Filter|Win32
		{8F998497-9C51-4FAA-83E4-1D85B22CBA13}.Release Filter|x64.ActiveCfg = Release Filter|x64
		{8F998497-9C51-4FAA-83E4-1D85B22CBA13}.Release Filter|x64.Build.0 = Release Filter|x64
		{3020FF9B-8202-488D-B137-11DECC510E6E}.Debug Filter|Win32.ActiveCfg = Debug Filter|Win32
		{3020FF9B-8202-488D-B137-11DECC510E6E}.Debug Filter|Win32.Build.0 = Debug Filter|Win32
		{3020FF9B-8202-488D-B137-11DECC510E6E}.Debug Filter|x64.ActiveCfg = Debug Filter|x64
		{3020FF9B-8202-488D-B137-11DECC510E6E}.Debug Filter|x64.Build.0 = Debug Filter|x64
		{3020FF9B-8202-488D-B137-11DECC510E6E}.Release Filter|Win32.ActiveCfg = Release Filter|Win32
		{3020FF9B-8202-488D-B137-11DECC510E6E}.Release Filter|Win32.Build.0 = Release Filter|Win32
		{3020FF9B-8202-488D-B137-11DECC510E6E}.Release Filter|x64.ActiveCfg = Release Filter|x64
		{3020FF9B-8202-488D-B137-11DECC510E6E}.Release Filter|x64.Build.0 = Release Filter|x64
		{0D252872-7542-4232-8D02-53F9182AEE15}.Debug Filter|Win32.ActiveCfg = Debug|Win32
		{0D252872-7542-4232-8D02-53F9182AEE15}.Debug Filter|Win32.Build.0 = Debug|Win32
		{0D252872-7542-4232-8D02-53F9182AEE15}.Debug Filter|x64.ActiveCfg = Debug|x64
		{0D252872-7542-4232-8D02-53F9182AEE15}.Debug Filter|x64.Build.0 = Debug|x64
		{0D252872-7542-4232-8D02-53F9182AEE15}.Release Filter|Win32.ActiveCfg = Release|Win32
		{0D252872-7542-4232-8D02-53F9182AEE15}.Release Filter|Win32.Build.0 = Release|Win32
		{0D252872-7542-4232-8D02-53F9182AEE15}.Release Filter|x64.ActiveCfg = Release|x64
		{0D252872-7542-4232-8D02-53F9182AEE15}.Release Filter|x64.Build.0 = Release|x64
		{C2082189-3ECB-4079-91FA-89D3C8A305C0}.Debug Filter|Win32.ActiveCfg = Debug|Win32
		{C2082189-3ECB-4079-91FA-89D3C8A305C0}.Debug Filter|Win32.Build.0 = Debug|Win32
		{C2082189-3ECB-4079-91FA-89D3C8A305C0}.Debug Filter|x64.ActiveCfg = Debug|x64
		{C2082189-3ECB-4079-91FA-89D3C8A305C0}.Debug Filter|x64.Build.0 = Debug|x64
		{C2082189-3ECB-4079-91FA-89D3C8A305C0}.Release Filter|Win32.ActiveCfg = Release|Win32
		{C2082189-3ECB-4079-91FA-89D3C8A305C0}.Release Filter|Win32.Build.0 = Release|Win32
		{C2082189-3ECB-4079-91FA-89D3C8A305C0}.Release Filter|x64.ActiveCfg = Release|x64
		{C2082189-3ECB-4079-91FA-89D3C8A305C0}.Release Filter|x64.Build.0 = Release|x64
		{F671100C-469F-4723-AAC4-B7FE4F5B8DC4}.Debug Filter|Win32.ActiveCfg = Debug Filter|Win32
		{F671100C-469F-4723-AAC4-B7FE4F5B8DC4}.Debug Filter|Win32.Build.0 = Debug Filter|Win32
		{F671100C-469F-4723-AAC4-B7FE4F5B8DC4}.Debug Filter|x64.ActiveCfg = Debug Filter|x64
		{F671100C-469F-4723-AAC4-B7FE4F5B8DC4}.Debug Filter|x64.Build.0 = Debug Filter|x64
		{F671100C-469F-4723-AAC4-B7FE4F5B8DC4}.Release Filter|Win32.ActiveCfg = Release Filter|Win32
		{F671100C-469F-4723-AAC4-B7FE4F5B8DC4}.Release Filter|Win32.Build.0 = Release Filter|Win32
		{F671100C-469F-4723-AAC4-B7FE4F5B8DC4}.Release Filter|x64.ActiveCfg = Release Filter|x64
		{F671100C-469F-4723-AAC4-B7FE4F5B8DC4}.Release Filter|x64.Build.0 = Release Filter|x64
		{664E726B-EEEE-403A-AC15-345D9C9E1375}.Debug Filter|Win32.ActiveCfg = Debug Filter|Win32
		{664E726B-EEEE-403A-AC15-345D9C9E1375}.Debug Filter|Win32.Build.0 = Debug Filter|Win32
		{664E726B-EEEE-403A-AC15-345D9C9E1375}.Debug Filter|x64.ActiveCfg = Debug Filter|x64
		{664E726B-EEEE-403A-AC15-345D9C9E1375}.Debug Filter|x64.Build.0 = Debug Filter|x64
		{664E726B-EEEE-403A-AC15-345D9C9E1375}.Release Filter|Win32.ActiveCfg = Release Filter|Win32
		{664E726B-EEEE-403A-AC15-345D9C9E1375}.Release Filter|Win32.Build.0 = Release Filter|Win32
		{664E726B-EEEE-403A-AC15-345D9C9E1375}.Release Filter|x64.ActiveCfg = Release Filter|x64
		{664E726B-EEEE-403A-AC15-345D9C9E1375}.Release Filter|x64.Build.0 = Release Filter|x64
		{EB202B68-8029-4985-B914-E94B44D2E230}.Debug Filter|Win32.ActiveCfg = Debug Filter|Win32
		{EB202B68-8029-4985-B914-E94B44D2E230}.Debug Filter|Win32.Build.0 = Debug Filter|Win32
		{EB202B68-8029-4985-B914-E94B44D2E230}.Debug Filter|x64.ActiveCfg = Debug Filter|x64
		{EB202B68-8029-4985-B914-E94B44D2E230}.Debug Filter|x64.Build.0 = Debug Filter|x64
		{EB202B68-8029-4985-B914-E94B44D2E230}.Release Filter|Win32.ActiveCfg = Release Filter|Win32
		{EB202B68-8029-4985-B914-E94B44D2E230}.Release Filter|Win32.Build.0 = Release Filter|Win32
		{EB202B68-8029-4985-B914-E94B44D2E230}.Release Filter|x64.ActiveCfg = Release Filter|x64
		{EB202B68-8029-4985-B914-E94B44D2E230}.Release Filter|x64.Build.0 = Release Filter|x64
		{2FCD4B66-9CF9-4C8F-BC70-37CD20002D49}.Debug Filter|Win32.ActiveCfg = Debug|Win32
		{2FCD4B66-9CF9-4C8F-BC70-37CD20002D49}.Debug Filter|Win32.Build.0 = Debug|Win32
		{2FCD4B66-9CF9-4C8F-BC70-37CD20002D49}.Debug Filter|x64.ActiveCfg = Debug|x64
		{2FCD4B66-9CF9-4C8F-BC70-37CD20002D49}.Debug Filter|x64.Build.0 = Debug|x64
		{2FCD4B66-9CF9-4C8F-BC70-37CD20002D49}.Release Filter|Win32.ActiveCfg = Release|Win32
		{2FCD4B66-9CF9-4C8F-BC70-37CD20002D49}.Release Filter|Win32.Build.0 = Release|Win32
		{2FCD4B66-9CF9-4C8F-BC70-37CD20002D49}.Release Filter|x64.ActiveCfg = Release|x64
		{2FCD4B66-9CF9-4C8F-BC70-37CD20002D49}.Release Filter|x64.Build.0 = Release|x64
	EndGlobalSection
	GlobalSection(SolutionProperties) = preSolution
		HideSolutionNode = FALSE
	EndGlobalSection
	GlobalSection(NestedProjects) = preSolution
		{0D252872-7542-4232-8D02-53F9182AEE15} = {0D3ED276-19CD-4385-9F47-99082ED2CE24}
		{C2082189-3ECB-4079-91FA-89D3C8A305C0} = {0D3ED276-19CD-4385-9F47-99082ED2CE24}
	EndGlobalSection
EndGlobal
