Microsoft Visual Studio Solution File, Format Version 8.00
Project("{8BC9CEB8-8B4A-11D0-8D11-00A0C91BC942}") = "ResizableLib", "ResizableLib.vcproj", "{4CC7AE86-3E0A-430A-BFF4-BF00204CAFB0}"
	ProjectSection(ProjectDependencies) = postProject
	EndProjectSection
EndProject
Global
	GlobalSection(SolutionConfiguration) = preSolution
		Debug = Debug
		Debug Unicode = Debug Unicode
		Release = Release
		Release Unicode = Release Unicode
	EndGlobalSection
	GlobalSection(ProjectConfiguration) = postSolution
		{4CC7AE86-3E0A-430A-BFF4-BF00204CAFB0}.Debug.ActiveCfg = Debug|Win32
		{4CC7AE86-3E0A-430A-BFF4-BF00204CAFB0}.Debug.Build.0 = Debug|Win32
		{4CC7AE86-3E0A-430A-BFF4-BF00204CAFB0}.Debug Unicode.ActiveCfg = Debug Unicode|Win32
		{4CC7AE86-3E0A-430A-BFF4-BF00204CAFB0}.Debug Unicode.Build.0 = Debug Unicode|Win32
		{4CC7AE86-3E0A-430A-BFF4-BF00204CAFB0}.Release.ActiveCfg = Release|Win32
		{4CC7AE86-3E0A-430A-BFF4-BF00204CAFB0}.Release.Build.0 = Release|Win32
		{4CC7AE86-3E0A-430A-BFF4-BF00204CAFB0}.Release Unicode.ActiveCfg = Release Unicode|Win32
		{4CC7AE86-3E0A-430A-BFF4-BF00204CAFB0}.Release Unicode.Build.0 = Release Unicode|Win32
	EndGlobalSection
	GlobalSection(ExtensibilityGlobals) = postSolution
	EndGlobalSection
	GlobalSection(ExtensibilityAddIns) = postSolution
	EndGlobalSection
EndGlobal
