<?xml version="1.0" encoding="utf-8"?>
<Project ToolsVersion="4.0" xmlns="http://schemas.microsoft.com/developer/msbuild/2003">
  <ItemGroup>
    <Filter Include="Source Files">
      <UniqueIdentifier>{e15c9785-536b-4371-9e8e-ddbcfdb5c17e}</UniqueIdentifier>
      <Extensions>cpp;c;cxx;def;odl;idl;hpj;bat;asm</Extensions>
    </Filter>
    <Filter Include="Header Files">
      <UniqueIdentifier>{2f29e203-dfe5-49ab-8326-55ff62a38d80}</UniqueIdentifier>
      <Extensions>h;hpp;hxx;hm;inl;inc</Extensions>
    </Filter>
    <Filter Include="Resource Files">
      <UniqueIdentifier>{29435264-dc59-4006-a197-91a4bd1e583f}</UniqueIdentifier>
      <Extensions>rc;ico;cur;bmp;dlg;rc2;rct;bin;rgs;gif;jpg;jpeg;jpe</Extensions>
    </Filter>
  </ItemGroup>
  <ItemGroup>
    <ClCompile Include="CpuId.cpp">
      <Filter>Source Files</Filter>
    </ClCompile>
    <ClCompile Include="DXVADecoder.cpp">
      <Filter>Source Files</Filter>
    </ClCompile>
    <ClCompile Include="DXVADecoderH264.cpp">
      <Filter>Source Files</Filter>
    </ClCompile>
    <ClCompile Include="DXVADecoderMpeg2.cpp">
      <Filter>Source Files</Filter>
    </ClCompile>
    <ClCompile Include="DXVADecoderVC1.cpp">
      <Filter>Source Files</Filter>
    </ClCompile>
    <ClCompile Include="ffImgfmt.cpp">
      <Filter>Source Files</Filter>
    </ClCompile>
    <ClCompile Include="FfmpegContext.c">
      <Filter>Source Files</Filter>
    </ClCompile>
    <ClCompile Include="MPCFfmpegDec.cpp">
      <Filter>Source Files</Filter>
    </ClCompile>
    <ClCompile Include="MPCVideoDecFilter.cpp">
      <Filter>Source Files</Filter>
    </ClCompile>
    <ClCompile Include="MPCVideoDecSettingsWnd.cpp">
      <Filter>Source Files</Filter>
    </ClCompile>
    <ClCompile Include="stdafx.cpp">
      <Filter>Source Files</Filter>
    </ClCompile>
    <ClCompile Include="TlibavcodecExt.cpp">
      <Filter>Source Files</Filter>
    </ClCompile>
    <ClCompile Include="VideoDecDXVAAllocator.cpp">
      <Filter>Source Files</Filter>
    </ClCompile>
    <ClCompile Include="VideoDecOutputPin.cpp">
      <Filter>Source Files</Filter>
    </ClCompile>
    <ClCompile Include="..\..\..\thirdparty\mfc\winmdi.cpp">
      <Filter>Source Files</Filter>
    </ClCompile>
    <ClCompile Include="..\..\..\thirdparty\mfc\afxctrlcontainer.cpp">
      <Filter>Source Files</Filter>
    </ClCompile>
    <ClCompile Include="..\..\..\thirdparty\mfc\afxglobals.cpp">
      <Filter>Source Files</Filter>
    </ClCompile>
    <ClCompile Include="H264RandomAccess.cpp">
      <Filter>Source Files</Filter>
    </ClCompile>
  </ItemGroup>
  <ItemGroup>
    <ClInclude Include="CpuId.h">
      <Filter>Header Files</Filter>
    </ClInclude>
    <ClInclude Include="DXVADecoder.h">
      <Filter>Header Files</Filter>
    </ClInclude>
    <ClInclude Include="DXVADecoderH264.h">
      <Filter>Header Files</Filter>
    </ClInclude>
    <ClInclude Include="DXVADecoderMpeg2.h">
      <Filter>Header Files</Filter>
    </ClInclude>
    <ClInclude Include="DXVADecoderVC1.h">
      <Filter>Header Files</Filter>
    </ClInclude>
    <ClInclude Include="FfmpegContext.h">
      <Filter>Header Files</Filter>
    </ClInclude>
    <ClInclude Include="IMPCVideoDecFilter.h">
      <Filter>Header Files</Filter>
    </ClInclude>
    <ClInclude Include="MPCVideoDecFilter.h">
      <Filter>Header Files</Filter>
    </ClInclude>
    <ClInclude Include="MPCVideoDecSettingsWnd.h">
      <Filter>Header Files</Filter>
    </ClInclude>
    <ClInclude Include="resource.h">
      <Filter>Header Files</Filter>
    </ClInclude>
    <ClInclude Include="stdafx.h">
      <Filter>Header Files</Filter>
    </ClInclude>
    <ClInclude Include="TlibavcodecExt.h">
      <Filter>Header Files</Filter>
    </ClInclude>
    <ClInclude Include="VideoDecDXVAAllocator.h">
      <Filter>Header Files</Filter>
    </ClInclude>
    <ClInclude Include="VideoDecOutputPin.h">
      <Filter>Header Files</Filter>
    </ClInclude>
    <ClInclude Include="H264RandomAccess.h">
      <Filter>Header Files</Filter>
    </ClInclude>
    <ClInclude Include="char_t.h">
      <Filter>Header Files</Filter>
    </ClInclude>
    <ClInclude Include="ffImgfmt.h">
      <Filter>Header Files</Filter>
    </ClInclude>
    <ClInclude Include="array_allocator.h">
      <Filter>Header Files</Filter>
    </ClInclude>
    <ClInclude Include="PODtypes.h">
      <Filter>Header Files</Filter>
    </ClInclude>
  </ItemGroup>
  <ItemGroup>
    <ResourceCompile Include="MPCVideoDecFilter.rc">
      <Filter>Resource Files</Filter>
    </ResourceCompile>
  </ItemGroup>
</Project>