<?xml version="1.0" encoding="utf-8"?>
<Project ToolsVersion="14.0" xmlns="http://schemas.microsoft.com/developer/msbuild/2003">
  <ItemGroup>
    <Filter Include="Source Files">
      <UniqueIdentifier>{b0dec0e2-a0fd-4979-b3c8-e2a8b7b8a7b9}</UniqueIdentifier>
      <Extensions>cpp;c;cxx;def;odl;idl;hpj;bat;asm</Extensions>
    </Filter>
    <Filter Include="Header Files">
      <UniqueIdentifier>{09ccdde9-0352-4031-8414-81a0579c014b}</UniqueIdentifier>
      <Extensions>h;hpp;hxx;hm;inl;inc</Extensions>
    </Filter>
  </ItemGroup>
  <ItemGroup>
    <ClCompile Include="BaseMuxer.cpp">
      <Filter>Source Files</Filter>
    </ClCompile>
    <ClCompile Include="BaseMuxerInputPin.cpp">
      <Filter>Source Files</Filter>
    </ClCompile>
    <ClCompile Include="BaseMuxerOutputPin.cpp">
      <Filter>Source Files</Filter>
    </ClCompile>
    <ClCompile Include="BaseMuxerRelatedPin.cpp">
      <Filter>Source Files</Filter>
    </ClCompile>
    <ClCompile Include="BitStream.cpp">
      <Filter>Source Files</Filter>
    </ClCompile>
    <ClCompile Include="stdafx.cpp">
      <Filter>Source Files</Filter>
    </ClCompile>
  </ItemGroup>
  <ItemGroup>
    <ClInclude Include="BaseMuxer.h">
      <Filter>Header Files</Filter>
    </ClInclude>
    <ClInclude Include="BaseMuxerInputPin.h">
      <Filter>Header Files</Filter>
    </ClInclude>
    <ClInclude Include="BaseMuxerOutputPin.h">
      <Filter>Header Files</Filter>
    </ClInclude>
    <ClInclude Include="BaseMuxerRelatedPin.h">
      <Filter>Header Files</Filter>
    </ClInclude>
    <ClInclude Include="BitStream.h">
      <Filter>Header Files</Filter>
    </ClInclude>
    <ClInclude Include="stdafx.h">
      <Filter>Header Files</Filter>
    </ClInclude>
  </ItemGroup>
</Project>